<?xml version="1.0" encoding="utf-8"?>
<Project ToolsVersion="4.0" xmlns="http://schemas.microsoft.com/developer/msbuild/2003">
  <ItemGroup>
    <Filter Include="Source Files">
      <UniqueIdentifier>{4FC737F1-C7A5-4376-A066-2A32D752A2FF}</UniqueIdentifier>
      <Extensions>cpp;c;cc;cxx;def;odl;idl;hpj;bat;asm;asmx</Extensions>
    </Filter>
    <Filter Include="Header Files">
      <UniqueIdentifier>{93995380-89BD-4b04-88EB-625FBE52EBFB}</UniqueIdentifier>
      <Extensions>h;hh;hpp;hxx;hm;inl;inc;ipp;xsd</Extensions>
    </Filter>
    <Filter Include="Resource Files">
      <UniqueIdentifier>{67DA6AB6-F800-4c08-8B7A-83BB121AAD01}</UniqueIdentifier>
      <Extensions>rc;ico;cur;bmp;dlg;rc2;rct;bin;rgs;gif;jpg;jpeg;jpe;resx;tiff;tif;png;wav;mfcribbon-ms</Extensions>
    </Filter>
    <Filter Include="Source Files\cad">
      <UniqueIdentifier>{938d8288-90c0-49e0-9cda-6c138bf2689b}</UniqueIdentifier>
    </Filter>
    <Filter Include="Source Files\ccl">
      <UniqueIdentifier>{7f9a112c-9604-4372-b8c3-da4439310bc2}</UniqueIdentifier>
    </Filter>
    <Filter Include="Source Files\cts">
      <UniqueIdentifier>{dc3bd60c-bcd5-468b-b701-22ff0aee7635}</UniqueIdentifier>
    </Filter>
    <Filter Include="Source Files\dbi">
      <UniqueIdentifier>{9e48db36-3cb7-425e-8a2b-2fd7ac88cfd0}</UniqueIdentifier>
    </Filter>
    <Filter Include="Source Files\dbi_sqlite">
      <UniqueIdentifier>{06201561-fe9c-4747-928f-1c5846e64e9f}</UniqueIdentifier>
    </Filter>
    <Filter Include="Source Files\dom">
      <UniqueIdentifier>{a75ff6bc-b1ed-4812-88e3-46c40b4c86de}</UniqueIdentifier>
    </Filter>
    <Filter Include="Source Files\ip">
      <UniqueIdentifier>{b7538c39-fb9d-417c-8137-94e735ecd695}</UniqueIdentifier>
    </Filter>
    <Filter Include="Source Files\lmfit">
      <UniqueIdentifier>{01c93c4c-408d-4d24-bb19-299c708ecbc7}</UniqueIdentifier>
    </Filter>
    <Filter Include="Source Files\meshgen">
      <UniqueIdentifier>{f0f88614-9b4a-4bac-81b3-7eb9bfec1d00}</UniqueIdentifier>
    </Filter>
    <Filter Include="Source Files\scenegraph">
      <UniqueIdentifier>{6792687e-82fe-48e5-9d7d-554f6e28ef9c}</UniqueIdentifier>
    </Filter>
    <Filter Include="Source Files\scenegraphflt">
      <UniqueIdentifier>{96a2cace-aed2-4463-a423-d91aa16a2573}</UniqueIdentifier>
    </Filter>
    <Filter Include="Source Files\sfa">
      <UniqueIdentifier>{41ac095b-3846-4aa9-b7f9-9e24a250fdbc}</UniqueIdentifier>
    </Filter>
    <Filter Include="Source Files\sfa_file_factory">
      <UniqueIdentifier>{6830f0d3-ac98-4aef-92bc-c714c6c74ef2}</UniqueIdentifier>
    </Filter>
    <Filter Include="Source Files\sqlite">
      <UniqueIdentifier>{9083fe83-4443-46a9-b8fb-93b35c9391ef}</UniqueIdentifier>
    </Filter>
    <Filter Include="Source Files\tg">
      <UniqueIdentifier>{29801713-6e6e-4602-a33d-8219bc586220}</UniqueIdentifier>
    </Filter>
    <Filter Include="Header Files\cad">
      <UniqueIdentifier>{b944f168-c2d2-47e9-82a7-c9326c0385f4}</UniqueIdentifier>
    </Filter>
    <Filter Include="Header Files\ccl">
      <UniqueIdentifier>{d9908d1f-c0af-45dd-b0b8-a79e064daf96}</UniqueIdentifier>
    </Filter>
    <Filter Include="Header Files\cts">
      <UniqueIdentifier>{b0c88bee-d41c-4c99-903f-b6da77fc283e}</UniqueIdentifier>
    </Filter>
    <Filter Include="Header Files\dbi">
      <UniqueIdentifier>{df693b85-1f00-420f-9cdc-16319e1b7026}</UniqueIdentifier>
    </Filter>
    <Filter Include="Header Files\dbi_sqlite">
      <UniqueIdentifier>{1f5fc770-831d-4dd1-9b93-26ed131474eb}</UniqueIdentifier>
    </Filter>
    <Filter Include="Header Files\dom">
      <UniqueIdentifier>{89c1297d-07f0-432c-8293-51ffddba3434}</UniqueIdentifier>
    </Filter>
    <Filter Include="Header Files\ip">
      <UniqueIdentifier>{772f6166-f4d8-48e0-bbcd-98a74f9599fe}</UniqueIdentifier>
    </Filter>
    <Filter Include="Header Files\lmfit">
      <UniqueIdentifier>{e8c4fd4a-ab76-4b91-97ef-5982e96a4593}</UniqueIdentifier>
    </Filter>
    <Filter Include="Header Files\rapidjson">
      <UniqueIdentifier>{011a98b4-cc0c-4066-9e04-1311bb84c597}</UniqueIdentifier>
    </Filter>
    <Filter Include="Header Files\rapidxml">
      <UniqueIdentifier>{7dd33a22-b745-4179-8343-79efa2090727}</UniqueIdentifier>
    </Filter>
    <Filter Include="Header Files\scenegraph">
      <UniqueIdentifier>{995f15a8-aaea-467f-bb47-4f7b55536352}</UniqueIdentifier>
    </Filter>
    <Filter Include="Header Files\scenegraphflt">
      <UniqueIdentifier>{fafb6b71-ce17-4c98-8341-9734016fde47}</UniqueIdentifier>
    </Filter>
    <Filter Include="Header Files\sfa">
      <UniqueIdentifier>{9089a763-9d4b-4db4-bdff-05d3cddd8be3}</UniqueIdentifier>
    </Filter>
    <Filter Include="Header Files\sqlite">
      <UniqueIdentifier>{ca358e61-dba6-4798-9d0e-9c716a6f132a}</UniqueIdentifier>
    </Filter>
    <Filter Include="Header Files\tg">
      <UniqueIdentifier>{4287bf87-d77a-40ca-a38f-20a2d5f2127b}</UniqueIdentifier>
    </Filter>
    <Filter Include="Source Files\flt">
      <UniqueIdentifier>{501665ca-4355-4b43-bae7-4aa51f6f51bc}</UniqueIdentifier>
    </Filter>
    <Filter Include="Header Files\elev">
      <UniqueIdentifier>{8dd86b44-1458-4976-9ffd-998bb06f881f}</UniqueIdentifier>
    </Filter>
    <Filter Include="Source Files\elev">
      <UniqueIdentifier>{fac526ca-c8ff-4de5-a61b-b66f3d30c21e}</UniqueIdentifier>
    </Filter>
    <Filter Include="Header Files\flt">
      <UniqueIdentifier>{7fd66cce-e2a5-497a-adb8-1caa77cc1d70}</UniqueIdentifier>
    </Filter>
    <Filter Include="Source Files\ctl">
      <UniqueIdentifier>{5f8666f6-4290-4079-bc6c-9fa2d2ecf77a}</UniqueIdentifier>
    </Filter>
    <Filter Include="Header Files\ctl">
      <UniqueIdentifier>{502f0a33-da60-4ace-af9d-9b526cc4476b}</UniqueIdentifier>
    </Filter>
    <Filter Include="Source Files\ogr">
      <UniqueIdentifier>{216945c1-b513-4602-99cf-1fb61207a5b3}</UniqueIdentifier>
    </Filter>
    <Filter Include="Header Files\ogr">
      <UniqueIdentifier>{cabfdfc1-cb91-46c8-ba35-e1ac2d778e92}</UniqueIdentifier>
    </Filter>
  </ItemGroup>
  <ItemGroup>
    <ClCompile Include="..\src\cad\AttributeDictionary.cpp">
      <Filter>Source Files\cad</Filter>
    </ClCompile>
    <ClCompile Include="..\src\ccl\Win32\mutex.cpp">
      <Filter>Source Files\ccl</Filter>
    </ClCompile>
    <ClCompile Include="..\src\ccl\Win32\Runnable.cpp">
      <Filter>Source Files\ccl</Filter>
    </ClCompile>
    <ClCompile Include="..\src\ccl\Win32\sem.cpp">
      <Filter>Source Files\ccl</Filter>
    </ClCompile>
    <ClCompile Include="..\src\ccl\Win32\Timer.cpp">
      <Filter>Source Files\ccl</Filter>
    </ClCompile>
    <ClCompile Include="..\src\ccl\Action.cpp">
      <Filter>Source Files\ccl</Filter>
    </ClCompile>
    <ClCompile Include="..\src\ccl\AttributeContainer.cpp">
      <Filter>Source Files\ccl</Filter>
    </ClCompile>
    <ClCompile Include="..\src\ccl\binary.cpp">
      <Filter>Source Files\ccl</Filter>
    </ClCompile>
    <ClCompile Include="..\src\ccl\config.cpp">
      <Filter>Source Files\ccl</Filter>
    </ClCompile>
    <ClCompile Include="..\src\ccl\date.cpp">
      <Filter>Source Files\ccl</Filter>
    </ClCompile>
    <ClCompile Include="..\src\ccl\datetime.cpp">
      <Filter>Source Files\ccl</Filter>
    </ClCompile>
    <ClCompile Include="..\src\ccl\Endian.cpp">
      <Filter>Source Files\ccl</Filter>
    </ClCompile>
    <ClCompile Include="..\src\ccl\Expression.cpp">
      <Filter>Source Files\ccl</Filter>
    </ClCompile>
    <ClCompile Include="..\src\ccl\FileInfo.cpp">
      <Filter>Source Files\ccl</Filter>
    </ClCompile>
    <ClCompile Include="..\src\ccl\inspection.cpp">
      <Filter>Source Files\ccl</Filter>
    </ClCompile>
    <ClCompile Include="..\src\ccl\JobManager.cpp">
      <Filter>Source Files\ccl</Filter>
    </ClCompile>
    <ClCompile Include="..\src\ccl\Key.cpp">
      <Filter>Source Files\ccl</Filter>
    </ClCompile>
    <ClCompile Include="..\src\ccl\Log.cpp">
      <Filter>Source Files\ccl</Filter>
    </ClCompile>
    <ClCompile Include="..\src\ccl\LogBuffer.cpp">
      <Filter>Source Files\ccl</Filter>
    </ClCompile>
    <ClCompile Include="..\src\ccl\LogStream.cpp">
      <Filter>Source Files\ccl</Filter>
    </ClCompile>
    <ClCompile Include="..\src\ccl\md5.cpp">
      <Filter>Source Files\ccl</Filter>
    </ClCompile>
    <ClCompile Include="..\src\ccl\Number.cpp">
      <Filter>Source Files\ccl</Filter>
    </ClCompile>
    <ClCompile Include="..\src\ccl\object.cpp">
      <Filter>Source Files\ccl</Filter>
    </ClCompile>
    <ClCompile Include="..\src\ccl\ObjLog.cpp">
      <Filter>Source Files\ccl</Filter>
    </ClCompile>
    <ClCompile Include="..\src\ccl\Op.cpp">
      <Filter>Source Files\ccl</Filter>
    </ClCompile>
    <ClCompile Include="..\src\ccl\primitive.cpp">
      <Filter>Source Files\ccl</Filter>
    </ClCompile>
    <ClCompile Include="..\src\ccl\Profile.cpp">
      <Filter>Source Files\ccl</Filter>
    </ClCompile>
    <ClCompile Include="..\src\ccl\ProgressObserver.cpp">
      <Filter>Source Files\ccl</Filter>
    </ClCompile>
    <ClCompile Include="..\src\ccl\ScopedTimer.cpp">
      <Filter>Source Files\ccl</Filter>
    </ClCompile>
    <ClCompile Include="..\src\ccl\time.cpp">
      <Filter>Source Files\ccl</Filter>
    </ClCompile>
    <ClCompile Include="..\src\ccl\uuid.cpp">
      <Filter>Source Files\ccl</Filter>
    </ClCompile>
    <ClCompile Include="..\src\ccl\Value.cpp">
      <Filter>Source Files\ccl</Filter>
    </ClCompile>
    <ClCompile Include="..\src\ccl\Variant.cpp">
      <Filter>Source Files\ccl</Filter>
    </ClCompile>
    <ClCompile Include="..\src\cts\CS_CoordinateSystemFactory.cpp">
      <Filter>Source Files\cts</Filter>
    </ClCompile>
    <ClCompile Include="..\src\cts\CS_Datum.cpp">
      <Filter>Source Files\cts</Filter>
    </ClCompile>
    <ClCompile Include="..\src\cts\CS_Ellipsoid.cpp">
      <Filter>Source Files\cts</Filter>
    </ClCompile>
    <ClCompile Include="..\src\cts\CS_FittedCoordinateSystem.cpp">
      <Filter>Source Files\cts</Filter>
    </ClCompile>
    <ClCompile Include="..\src\cts\CS_GeocentricCoordinateSystem.cpp">
      <Filter>Source Files\cts</Filter>
    </ClCompile>
    <ClCompile Include="..\src\cts\CS_GeographicCoordinateSystem.cpp">
      <Filter>Source Files\cts</Filter>
    </ClCompile>
    <ClCompile Include="..\src\cts\CS_HorizontalCoordinateSystem.cpp">
      <Filter>Source Files\cts</Filter>
    </ClCompile>
    <ClCompile Include="..\src\cts\CS_HorizontalDatum.cpp">
      <Filter>Source Files\cts</Filter>
    </ClCompile>
    <ClCompile Include="..\src\cts\CS_Info.cpp">
      <Filter>Source Files\cts</Filter>
    </ClCompile>
    <ClCompile Include="..\src\cts\CS_LinearUnit.cpp">
      <Filter>Source Files\cts</Filter>
    </ClCompile>
    <ClCompile Include="..\src\cts\CS_LocalCoordinateSystem.cpp">
      <Filter>Source Files\cts</Filter>
    </ClCompile>
    <ClCompile Include="..\src\cts\CS_LocalDatum.cpp">
      <Filter>Source Files\cts</Filter>
    </ClCompile>
    <ClCompile Include="..\src\cts\CS_PrimeMeridian.cpp">
      <Filter>Source Files\cts</Filter>
    </ClCompile>
    <ClCompile Include="..\src\cts\CS_ProjectedCoordinateSystem.cpp">
      <Filter>Source Files\cts</Filter>
    </ClCompile>
    <ClCompile Include="..\src\cts\CS_Projection.cpp">
      <Filter>Source Files\cts</Filter>
    </ClCompile>
    <ClCompile Include="..\src\cts\CS_Unit.cpp">
      <Filter>Source Files\cts</Filter>
    </ClCompile>
    <ClCompile Include="..\src\cts\CS_VerticalCoordinateSystem.cpp">
      <Filter>Source Files\cts</Filter>
    </ClCompile>
    <ClCompile Include="..\src\cts\CS_VerticalDatum.cpp">
      <Filter>Source Files\cts</Filter>
    </ClCompile>
    <ClCompile Include="..\src\cts\CT_CoordinateTransformation.cpp">
      <Filter>Source Files\cts</Filter>
    </ClCompile>
    <ClCompile Include="..\src\cts\CT_CoordinateTransformationFactory.cpp">
      <Filter>Source Files\cts</Filter>
    </ClCompile>
    <ClCompile Include="..\src\cts\CT_MathTransform.cpp">
      <Filter>Source Files\cts</Filter>
    </ClCompile>
    <ClCompile Include="..\src\cts\CT_MathTransformFactory.cpp">
      <Filter>Source Files\cts</Filter>
    </ClCompile>
    <ClCompile Include="..\src\cts\FlatEarthProjection.cpp">
      <Filter>Source Files\cts</Filter>
    </ClCompile>
    <ClCompile Include="..\src\cts\ProjInfo.cpp">
      <Filter>Source Files\cts</Filter>
    </ClCompile>
    <ClCompile Include="..\src\cts\TransformRegistry.cpp">
      <Filter>Source Files\cts</Filter>
    </ClCompile>
    <ClCompile Include="..\src\cts\WGS84FromFlatEarthMathTransform.cpp">
      <Filter>Source Files\cts</Filter>
    </ClCompile>
    <ClCompile Include="..\src\cts\WGS84FromOrthographicMathTransform.cpp">
      <Filter>Source Files\cts</Filter>
    </ClCompile>
    <ClCompile Include="..\src\cts\WGS84Orthographic.cpp">
      <Filter>Source Files\cts</Filter>
    </ClCompile>
    <ClCompile Include="..\src\cts\WGS84ToFlatEarthMathTransform.cpp">
      <Filter>Source Files\cts</Filter>
    </ClCompile>
    <ClCompile Include="..\src\cts\WGS84ToOrthographicMathTransform.cpp">
      <Filter>Source Files\cts</Filter>
    </ClCompile>
    <ClCompile Include="..\src\cts\CS_AngularUnit.cpp">
      <Filter>Source Files\cts</Filter>
    </ClCompile>
    <ClCompile Include="..\src\cts\CS_CompoundCoordinateSystem.cpp">
      <Filter>Source Files\cts</Filter>
    </ClCompile>
    <ClCompile Include="..\src\cts\CS_CoordinateSystem.cpp">
      <Filter>Source Files\cts</Filter>
    </ClCompile>
    <ClCompile Include="..\src\dbi\Diag.cpp">
      <Filter>Source Files\dbi</Filter>
    </ClCompile>
    <ClCompile Include="..\src\dbi\Environment.cpp">
      <Filter>Source Files\dbi</Filter>
    </ClCompile>
    <ClCompile Include="..\src\dbi\Handle.cpp">
      <Filter>Source Files\dbi</Filter>
    </ClCompile>
    <ClCompile Include="..\src\dbi\InsertQueue.cpp">
      <Filter>Source Files\dbi</Filter>
    </ClCompile>
    <ClCompile Include="..\src\dbi\ScopedTransaction.cpp">
      <Filter>Source Files\dbi</Filter>
    </ClCompile>
    <ClCompile Include="..\src\dbi\Connection.cpp">
      <Filter>Source Files\dbi</Filter>
    </ClCompile>
    <ClCompile Include="..\src\dbi_sqlite\Statement.cpp">
      <Filter>Source Files\dbi_sqlite</Filter>
    </ClCompile>
    <ClCompile Include="..\src\dom\CDATASection.cpp">
      <Filter>Source Files\dom</Filter>
    </ClCompile>
    <ClCompile Include="..\src\dom\CharacterData.cpp">
      <Filter>Source Files\dom</Filter>
    </ClCompile>
    <ClCompile Include="..\src\dom\Comment.cpp">
      <Filter>Source Files\dom</Filter>
    </ClCompile>
    <ClCompile Include="..\src\dom\Document.cpp">
      <Filter>Source Files\dom</Filter>
    </ClCompile>
    <ClCompile Include="..\src\dom\DocumentFragment.cpp">
      <Filter>Source Files\dom</Filter>
    </ClCompile>
    <ClCompile Include="..\src\dom\DocumentType.cpp">
      <Filter>Source Files\dom</Filter>
    </ClCompile>
    <ClCompile Include="..\src\dom\DOMConfiguration.cpp">
      <Filter>Source Files\dom</Filter>
    </ClCompile>
    <ClCompile Include="..\src\dom\DOMError.cpp">
      <Filter>Source Files\dom</Filter>
    </ClCompile>
    <ClCompile Include="..\src\dom\DOMImplementation.cpp">
      <Filter>Source Files\dom</Filter>
    </ClCompile>
    <ClCompile Include="..\src\dom\DOMLocator.cpp">
      <Filter>Source Files\dom</Filter>
    </ClCompile>
    <ClCompile Include="..\src\dom\Element.cpp">
      <Filter>Source Files\dom</Filter>
    </ClCompile>
    <ClCompile Include="..\src\dom\Entity.cpp">
      <Filter>Source Files\dom</Filter>
    </ClCompile>
    <ClCompile Include="..\src\dom\EntityReference.cpp">
      <Filter>Source Files\dom</Filter>
    </ClCompile>
    <ClCompile Include="..\src\dom\LSInput.cpp">
      <Filter>Source Files\dom</Filter>
    </ClCompile>
    <ClCompile Include="..\src\dom\LSOutput.cpp">
      <Filter>Source Files\dom</Filter>
    </ClCompile>
    <ClCompile Include="..\src\dom\LSParser.cpp">
      <Filter>Source Files\dom</Filter>
    </ClCompile>
    <ClCompile Include="..\src\dom\LSSerializer.cpp">
      <Filter>Source Files\dom</Filter>
    </ClCompile>
    <ClCompile Include="..\src\dom\Node.cpp">
      <Filter>Source Files\dom</Filter>
    </ClCompile>
    <ClCompile Include="..\src\dom\NodeFilter.cpp">
      <Filter>Source Files\dom</Filter>
    </ClCompile>
    <ClCompile Include="..\src\dom\NodeIterator.cpp">
      <Filter>Source Files\dom</Filter>
    </ClCompile>
    <ClCompile Include="..\src\dom\Notation.cpp">
      <Filter>Source Files\dom</Filter>
    </ClCompile>
    <ClCompile Include="..\src\dom\ProcessingInstruction.cpp">
      <Filter>Source Files\dom</Filter>
    </ClCompile>
    <ClCompile Include="..\src\dom\Range.cpp">
      <Filter>Source Files\dom</Filter>
    </ClCompile>
    <ClCompile Include="..\src\dom\Text.cpp">
      <Filter>Source Files\dom</Filter>
    </ClCompile>
    <ClCompile Include="..\src\dom\TreeWalker.cpp">
      <Filter>Source Files\dom</Filter>
    </ClCompile>
    <ClCompile Include="..\src\dom\TypeInfo.cpp">
      <Filter>Source Files\dom</Filter>
    </ClCompile>
    <ClCompile Include="..\src\dom\Attr.cpp">
      <Filter>Source Files\dom</Filter>
    </ClCompile>
    <ClCompile Include="..\src\ip\ip.cpp">
      <Filter>Source Files\ip</Filter>
    </ClCompile>
    <ClCompile Include="..\src\ip\jpgwrapper.cpp">
      <Filter>Source Files\ip</Filter>
    </ClCompile>
    <ClCompile Include="..\src\ip\pngwrapper.cpp">
      <Filter>Source Files\ip</Filter>
    </ClCompile>
    <ClCompile Include="..\src\ip\rasterPoly.cpp">
      <Filter>Source Files\ip</Filter>
    </ClCompile>
    <ClCompile Include="..\src\ip\rgb.cpp">
      <Filter>Source Files\ip</Filter>
    </ClCompile>
    <ClCompile Include="..\src\ip\GDALRasterReader.cpp">
      <Filter>Source Files\ip</Filter>
    </ClCompile>
    <ClCompile Include="..\src\ip\GDALRasterSampler.cpp">
      <Filter>Source Files\ip</Filter>
    </ClCompile>
    <ClCompile Include="..\src\lmfit\lmcurve.c">
      <Filter>Source Files\lmfit</Filter>
    </ClCompile>
    <ClCompile Include="..\src\lmfit\lmcurve_tyd.c">
      <Filter>Source Files\lmfit</Filter>
    </ClCompile>
    <ClCompile Include="..\src\lmfit\lmmin.c">
      <Filter>Source Files\lmfit</Filter>
    </ClCompile>
    <ClCompile Include="..\src\meshgen\meshgen.cpp">
      <Filter>Source Files\meshgen</Filter>
    </ClCompile>
    <ClCompile Include="..\src\tg\TerrainGenerator.cpp">
      <Filter>Source Files\tg</Filter>
    </ClCompile>
    <ClCompile Include="..\src\sfa_file_factory\sfa_file_factory.cpp">
      <Filter>Source Files\sfa_file_factory</Filter>
    </ClCompile>
    <ClCompile Include="..\src\sfa\ConvexHull3D.cpp">
      <Filter>Source Files\sfa</Filter>
    </ClCompile>
    <ClCompile Include="..\src\sfa\Curve.cpp">
      <Filter>Source Files\sfa</Filter>
    </ClCompile>
    <ClCompile Include="..\src\sfa\de9im.cpp">
      <Filter>Source Files\sfa</Filter>
    </ClCompile>
    <ClCompile Include="..\src\sfa\Distance.cpp">
      <Filter>Source Files\sfa</Filter>
    </ClCompile>
    <ClCompile Include="..\src\sfa\Distance3D.cpp">
      <Filter>Source Files\sfa</Filter>
    </ClCompile>
    <ClCompile Include="..\src\sfa\EdgeGroup.cpp">
      <Filter>Source Files\sfa</Filter>
    </ClCompile>
    <ClCompile Include="..\src\sfa\EdgeGroupBuilder.cpp">
      <Filter>Source Files\sfa</Filter>
    </ClCompile>
    <ClCompile Include="..\src\sfa\EdgeGroupDivision.cpp">
      <Filter>Source Files\sfa</Filter>
    </ClCompile>
    <ClCompile Include="..\src\sfa\EdgeIntersector.cpp">
      <Filter>Source Files\sfa</Filter>
    </ClCompile>
    <ClCompile Include="..\src\sfa\EdgeNode.cpp">
      <Filter>Source Files\sfa</Filter>
    </ClCompile>
    <ClCompile Include="..\src\sfa\EdgeNodeEnd.cpp">
      <Filter>Source Files\sfa</Filter>
    </ClCompile>
    <ClCompile Include="..\src\sfa\EnvelopeCheck.cpp">
      <Filter>Source Files\sfa</Filter>
    </ClCompile>
    <ClCompile Include="..\src\sfa\Factory.cpp">
      <Filter>Source Files\sfa</Filter>
    </ClCompile>
    <ClCompile Include="..\src\sfa\Feature.cpp">
      <Filter>Source Files\sfa</Filter>
    </ClCompile>
    <ClCompile Include="..\src\sfa\Geometry.cpp">
      <Filter>Source Files\sfa</Filter>
    </ClCompile>
    <ClCompile Include="..\src\sfa\GeometryCollection.cpp">
      <Filter>Source Files\sfa</Filter>
    </ClCompile>
    <ClCompile Include="..\src\sfa\GeometryGraph.cpp">
      <Filter>Source Files\sfa</Filter>
    </ClCompile>
    <ClCompile Include="..\src\sfa\GeometrySnapper.cpp">
      <Filter>Source Files\sfa</Filter>
    </ClCompile>
    <ClCompile Include="..\src\sfa\GraphOperation.cpp">
      <Filter>Source Files\sfa</Filter>
    </ClCompile>
    <ClCompile Include="..\src\sfa\Intersector.cpp">
      <Filter>Source Files\sfa</Filter>
    </ClCompile>
    <ClCompile Include="..\src\sfa\Intersector3D.cpp">
      <Filter>Source Files\sfa</Filter>
    </ClCompile>
    <ClCompile Include="..\src\sfa\Label.cpp">
      <Filter>Source Files\sfa</Filter>
    </ClCompile>
    <ClCompile Include="..\src\sfa\Layer.cpp">
      <Filter>Source Files\sfa</Filter>
    </ClCompile>
    <ClCompile Include="..\src\sfa\LineMath.cpp">
      <Filter>Source Files\sfa</Filter>
    </ClCompile>
    <ClCompile Include="..\src\sfa\LineString.cpp">
      <Filter>Source Files\sfa</Filter>
    </ClCompile>
    <ClCompile Include="..\src\sfa\Matrix.cpp">
      <Filter>Source Files\sfa</Filter>
    </ClCompile>
    <ClCompile Include="..\src\sfa\MultiCurve.cpp">
      <Filter>Source Files\sfa</Filter>
    </ClCompile>
    <ClCompile Include="..\src\sfa\MultiLineString.cpp">
      <Filter>Source Files\sfa</Filter>
    </ClCompile>
    <ClCompile Include="..\src\sfa\MultiPoint.cpp">
      <Filter>Source Files\sfa</Filter>
    </ClCompile>
    <ClCompile Include="..\src\sfa\MultiPolygon.cpp">
      <Filter>Source Files\sfa</Filter>
    </ClCompile>
    <ClCompile Include="..\src\sfa\MultiSurface.cpp">
      <Filter>Source Files\sfa</Filter>
    </ClCompile>
    <ClCompile Include="..\src\sfa\Overlay.cpp">
      <Filter>Source Files\sfa</Filter>
    </ClCompile>
    <ClCompile Include="..\src\sfa\Overlay3D.cpp">
      <Filter>Source Files\sfa</Filter>
    </ClCompile>
    <ClCompile Include="..\src\sfa\PatchUnion.cpp">
      <Filter>Source Files\sfa</Filter>
    </ClCompile>
    <ClCompile Include="..\src\sfa\PlanarGraph.cpp">
      <Filter>Source Files\sfa</Filter>
    </ClCompile>
    <ClCompile Include="..\src\sfa\PlanarGraphOperation.cpp">
      <Filter>Source Files\sfa</Filter>
    </ClCompile>
    <ClCompile Include="..\src\sfa\PlaneFitter.cpp">
      <Filter>Source Files\sfa</Filter>
    </ClCompile>
    <ClCompile Include="..\src\sfa\Point.cpp">
      <Filter>Source Files\sfa</Filter>
    </ClCompile>
    <ClCompile Include="..\src\sfa\PointExtractor.cpp">
      <Filter>Source Files\sfa</Filter>
    </ClCompile>
    <ClCompile Include="..\src\sfa\PointLineIntersector.cpp">
      <Filter>Source Files\sfa</Filter>
    </ClCompile>
    <ClCompile Include="..\src\sfa\PointLocator.cpp">
      <Filter>Source Files\sfa</Filter>
    </ClCompile>
    <ClCompile Include="..\src\sfa\PointMath.cpp">
      <Filter>Source Files\sfa</Filter>
    </ClCompile>
    <ClCompile Include="..\src\sfa\PointNode.cpp">
      <Filter>Source Files\sfa</Filter>
    </ClCompile>
    <ClCompile Include="..\src\sfa\Polygon.cpp">
      <Filter>Source Files\sfa</Filter>
    </ClCompile>
    <ClCompile Include="..\src\sfa\PolygonClipper.cpp">
      <Filter>Source Files\sfa</Filter>
    </ClCompile>
    <ClCompile Include="..\src\sfa\PolyhedralSurface.cpp">
      <Filter>Source Files\sfa</Filter>
    </ClCompile>
    <ClCompile Include="..\src\sfa\Projection2D.cpp">
      <Filter>Source Files\sfa</Filter>
    </ClCompile>
    <ClCompile Include="..\src\sfa\Quat.cpp">
      <Filter>Source Files\sfa</Filter>
    </ClCompile>
    <ClCompile Include="..\src\sfa\Relate.cpp">
      <Filter>Source Files\sfa</Filter>
    </ClCompile>
    <ClCompile Include="..\src\sfa\RelateCompute.cpp">
      <Filter>Source Files\sfa</Filter>
    </ClCompile>
    <ClCompile Include="..\src\sfa\RelateCompute3D.cpp">
      <Filter>Source Files\sfa</Filter>
    </ClCompile>
    <ClCompile Include="..\src\sfa\RelateOperation.cpp">
      <Filter>Source Files\sfa</Filter>
    </ClCompile>
    <ClCompile Include="..\src\sfa\RingMath.cpp">
      <Filter>Source Files\sfa</Filter>
    </ClCompile>
    <ClCompile Include="..\src\sfa\SegmentIntersector.cpp">
      <Filter>Source Files\sfa</Filter>
    </ClCompile>
    <ClCompile Include="..\src\sfa\Surface.cpp">
      <Filter>Source Files\sfa</Filter>
    </ClCompile>
    <ClCompile Include="..\src\sfa\BSP.cpp">
      <Filter>Source Files\sfa</Filter>
    </ClCompile>
    <ClCompile Include="..\src\sfa\Buffer.cpp">
      <Filter>Source Files\sfa</Filter>
    </ClCompile>
    <ClCompile Include="..\src\sfa\Buffer3D.cpp">
      <Filter>Source Files\sfa</Filter>
    </ClCompile>
    <ClCompile Include="..\src\sfa\ConvexHull.cpp">
      <Filter>Source Files\sfa</Filter>
    </ClCompile>
    <ClCompile Include="..\src\scenegraph\CoordinateTransformVisitor.cpp">
      <Filter>Source Files\scenegraph</Filter>
    </ClCompile>
    <ClCompile Include="..\src\scenegraph\drapeFeature.cpp">
      <Filter>Source Files\scenegraph</Filter>
    </ClCompile>
    <ClCompile Include="..\src\scenegraph\DrapeVisitor.cpp">
      <Filter>Source Files\scenegraph</Filter>
    </ClCompile>
    <ClCompile Include="..\src\scenegraph\ExtentsVisitor.cpp">
      <Filter>Source Files\scenegraph</Filter>
    </ClCompile>
    <ClCompile Include="..\src\scenegraph\ExternalReference.cpp">
      <Filter>Source Files\scenegraph</Filter>
    </ClCompile>
    <ClCompile Include="..\src\scenegraph\Face.cpp">
      <Filter>Source Files\scenegraph</Filter>
    </ClCompile>
    <ClCompile Include="..\src\scenegraph\FlattenVisitor.cpp">
      <Filter>Source Files\scenegraph</Filter>
    </ClCompile>
    <ClCompile Include="..\src\scenegraph\GroupingVisitor.cpp">
      <Filter>Source Files\scenegraph</Filter>
    </ClCompile>
    <ClCompile Include="..\src\scenegraph\LightPoint.cpp">
      <Filter>Source Files\scenegraph</Filter>
    </ClCompile>
    <ClCompile Include="..\src\scenegraph\LOD.cpp">
      <Filter>Source Files\scenegraph</Filter>
    </ClCompile>
    <ClCompile Include="..\src\scenegraph\MappedTexture.cpp">
      <Filter>Source Files\scenegraph</Filter>
    </ClCompile>
    <ClCompile Include="..\src\scenegraph\MappedTextureMatrix.cpp">
      <Filter>Source Files\scenegraph</Filter>
    </ClCompile>
    <ClCompile Include="..\src\scenegraph\Material.cpp">
      <Filter>Source Files\scenegraph</Filter>
    </ClCompile>
    <ClCompile Include="..\src\scenegraph\Octree.cpp">
      <Filter>Source Files\scenegraph</Filter>
    </ClCompile>
    <ClCompile Include="..\src\scenegraph\Relationship.cpp">
      <Filter>Source Files\scenegraph</Filter>
    </ClCompile>
    <ClCompile Include="..\src\scenegraph\Scene.cpp">
      <Filter>Source Files\scenegraph</Filter>
    </ClCompile>
    <ClCompile Include="..\src\scenegraph\SceneCropper.cpp">
      <Filter>Source Files\scenegraph</Filter>
    </ClCompile>
    <ClCompile Include="..\src\scenegraph\SetTexturePathVisitor.cpp">
      <Filter>Source Files\scenegraph</Filter>
    </ClCompile>
    <ClCompile Include="..\src\scenegraph\TerrainCullingVisitor.cpp">
      <Filter>Source Files\scenegraph</Filter>
    </ClCompile>
    <ClCompile Include="..\src\scenegraph\TransformVisitor.cpp">
      <Filter>Source Files\scenegraph</Filter>
    </ClCompile>
    <ClCompile Include="..\src\scenegraph\Visitor.cpp">
      <Filter>Source Files\scenegraph</Filter>
    </ClCompile>
    <ClCompile Include="..\src\scenegraph\buildSceneFromFeature.cpp">
      <Filter>Source Files\scenegraph</Filter>
    </ClCompile>
    <ClCompile Include="..\src\scenegraph\Color.cpp">
      <Filter>Source Files\scenegraph</Filter>
    </ClCompile>
    <ClCompile Include="..\src\scenegraphflt\buildOpenFlightFromScene.cpp">
      <Filter>Source Files\scenegraphflt</Filter>
    </ClCompile>
    <ClCompile Include="..\src\scenegraphflt\buildSceneFromOpenFlight.cpp">
      <Filter>Source Files\scenegraphflt</Filter>
    </ClCompile>
    <ClCompile Include="..\src\elev\Elevation_DSM.cpp">
      <Filter>Source Files\elev</Filter>
    </ClCompile>
    <ClCompile Include="..\src\elev\Cache.cpp">
      <Filter>Source Files\elev</Filter>
    </ClCompile>
    <ClCompile Include="..\src\elev\CacheEntry.cpp">
      <Filter>Source Files\elev</Filter>
    </ClCompile>
    <ClCompile Include="..\src\elev\DataPost.cpp">
      <Filter>Source Files\elev</Filter>
    </ClCompile>
    <ClCompile Include="..\src\elev\DataSource.cpp">
      <Filter>Source Files\elev</Filter>
    </ClCompile>
    <ClCompile Include="..\src\elev\DataSource_Raster.cpp">
      <Filter>Source Files\elev</Filter>
    </ClCompile>
    <ClCompile Include="..\src\elev\DataSource_Raster_GDAL.cpp">
      <Filter>Source Files\elev</Filter>
    </ClCompile>
    <ClCompile Include="..\src\elev\DataSourceManager.cpp">
      <Filter>Source Files\elev</Filter>
    </ClCompile>
    <ClCompile Include="..\src\elev\Elevation.cpp">
      <Filter>Source Files\elev</Filter>
    </ClCompile>
    <ClCompile Include="..\src\dbi\DBIStatement.cpp">
      <Filter>Source Files\dbi</Filter>
    </ClCompile>
    <ClCompile Include="..\src\ip\attr_file.cpp">
      <Filter>Source Files\ip</Filter>
    </ClCompile>
    <ClCompile Include="..\src\scenegraph\SGLineString.cpp">
      <Filter>Source Files\scenegraph</Filter>
    </ClCompile>
    <ClCompile Include="..\src\scenegraph\SGNode.cpp">
      <Filter>Source Files\scenegraph</Filter>
    </ClCompile>
    <ClCompile Include="..\src\dbi_sqlite\dbi_sqlite_file.cpp">
      <Filter>Source Files\dbi_sqlite</Filter>
    </ClCompile>
    <ClCompile Include="..\src\sfa\sfa_file.cpp">
      <Filter>Source Files\sfa</Filter>
    </ClCompile>
    <ClCompile Include="..\src\ctl\ConstraintMap.cpp">
      <Filter>Source Files\ctl</Filter>
    </ClCompile>
    <ClCompile Include="..\src\ctl\DelaunayTriangulation.cpp">
      <Filter>Source Files\ctl</Filter>
    </ClCompile>
    <ClCompile Include="..\src\ctl\Edge.cpp">
      <Filter>Source Files\ctl</Filter>
    </ClCompile>
    <ClCompile Include="..\src\ctl\ID.cpp">
      <Filter>Source Files\ctl</Filter>
    </ClCompile>
    <ClCompile Include="..\src\ctl\LocationResult.cpp">
      <Filter>Source Files\ctl</Filter>
    </ClCompile>
    <ClCompile Include="..\src\ctl\QTriangulate.cpp">
      <Filter>Source Files\ctl</Filter>
    </ClCompile>
    <ClCompile Include="..\src\ctl\QuadEdge.cpp">
      <Filter>Source Files\ctl</Filter>
    </ClCompile>
    <ClCompile Include="..\src\ctl\Subdivision.cpp">
      <Filter>Source Files\ctl</Filter>
    </ClCompile>
    <ClCompile Include="..\src\ctl\TIN.cpp">
      <Filter>Source Files\ctl</Filter>
    </ClCompile>
    <ClCompile Include="..\src\ctl\Util.cpp">
      <Filter>Source Files\ctl</Filter>
    </ClCompile>
    <ClCompile Include="..\src\ctl\Vector.cpp">
      <Filter>Source Files\ctl</Filter>
    </ClCompile>
    <ClCompile Include="..\src\ctl\Vertex.cpp">
      <Filter>Source Files\ctl</Filter>
    </ClCompile>
    <ClCompile Include="..\src\ctl\CGrid.cpp">
      <Filter>Source Files\ctl</Filter>
    </ClCompile>
    <ClCompile Include="..\src\flt\ExtendedMaterialAmbient.cpp">
      <Filter>Source Files\flt</Filter>
    </ClCompile>
    <ClCompile Include="..\src\flt\ExtendedMaterialBumpMap.cpp">
      <Filter>Source Files\flt</Filter>
    </ClCompile>
    <ClCompile Include="..\src\flt\ExtendedMaterialDiffuse.cpp">
      <Filter>Source Files\flt</Filter>
    </ClCompile>
    <ClCompile Include="..\src\flt\ExtendedMaterialEmissive.cpp">
      <Filter>Source Files\flt</Filter>
    </ClCompile>
    <ClCompile Include="..\src\flt\ExtendedMaterialHeader.cpp">
      <Filter>Source Files\flt</Filter>
    </ClCompile>
    <ClCompile Include="..\src\flt\ExtendedMaterialLightMap.cpp">
      <Filter>Source Files\flt</Filter>
    </ClCompile>
    <ClCompile Include="..\src\flt\ExtendedMaterialNormalMap.cpp">
      <Filter>Source Files\flt</Filter>
    </ClCompile>
    <ClCompile Include="..\src\flt\ExtendedMaterialReflectionMap.cpp">
      <Filter>Source Files\flt</Filter>
    </ClCompile>
    <ClCompile Include="..\src\flt\ExtendedMaterialShadowMap.cpp">
      <Filter>Source Files\flt</Filter>
    </ClCompile>
    <ClCompile Include="..\src\flt\ExtendedMaterialSpecular.cpp">
      <Filter>Source Files\flt</Filter>
    </ClCompile>
    <ClCompile Include="..\src\flt\Extension.cpp">
      <Filter>Source Files\flt</Filter>
    </ClCompile>
    <ClCompile Include="..\src\flt\ExtensionFieldBoolean.cpp">
      <Filter>Source Files\flt</Filter>
    </ClCompile>
    <ClCompile Include="..\src\flt\ExtensionFieldDouble.cpp">
      <Filter>Source Files\flt</Filter>
    </ClCompile>
    <ClCompile Include="..\src\flt\ExtensionFieldFloat.cpp">
      <Filter>Source Files\flt</Filter>
    </ClCompile>
    <ClCompile Include="..\src\flt\ExtensionFieldInteger.cpp">
      <Filter>Source Files\flt</Filter>
    </ClCompile>
    <ClCompile Include="..\src\flt\ExtensionFieldString.cpp">
      <Filter>Source Files\flt</Filter>
    </ClCompile>
    <ClCompile Include="..\src\flt\ExtensionFieldXML.cpp">
      <Filter>Source Files\flt</Filter>
    </ClCompile>
    <ClCompile Include="..\src\flt\ExtensionGUIDPalette.cpp">
      <Filter>Source Files\flt</Filter>
    </ClCompile>
    <ClCompile Include="..\src\flt\EyepointTrackplanePalette.cpp">
      <Filter>Source Files\flt</Filter>
    </ClCompile>
    <ClCompile Include="..\src\flt\GeneralMatrix.cpp">
      <Filter>Source Files\flt</Filter>
    </ClCompile>
    <ClCompile Include="..\src\flt\Group.cpp">
      <Filter>Source Files\flt</Filter>
    </ClCompile>
    <ClCompile Include="..\src\flt\Header.cpp">
      <Filter>Source Files\flt</Filter>
    </ClCompile>
    <ClCompile Include="..\src\flt\IndexedLightPoint.cpp">
      <Filter>Source Files\flt</Filter>
    </ClCompile>
    <ClCompile Include="..\src\flt\IndexedString.cpp">
      <Filter>Source Files\flt</Filter>
    </ClCompile>
    <ClCompile Include="..\src\flt\InstanceDefinition.cpp">
      <Filter>Source Files\flt</Filter>
    </ClCompile>
    <ClCompile Include="..\src\flt\InstanceReference.cpp">
      <Filter>Source Files\flt</Filter>
    </ClCompile>
    <ClCompile Include="..\src\flt\KeyTable.cpp">
      <Filter>Source Files\flt</Filter>
    </ClCompile>
    <ClCompile Include="..\src\flt\LevelOfDetail.cpp">
      <Filter>Source Files\flt</Filter>
    </ClCompile>
    <ClCompile Include="..\src\flt\LightPointAnimationPalette.cpp">
      <Filter>Source Files\flt</Filter>
    </ClCompile>
    <ClCompile Include="..\src\flt\LightPointAppearancePalette.cpp">
      <Filter>Source Files\flt</Filter>
    </ClCompile>
    <ClCompile Include="..\src\flt\LightPointSystem.cpp">
      <Filter>Source Files\flt</Filter>
    </ClCompile>
    <ClCompile Include="..\src\flt\LightSource.cpp">
      <Filter>Source Files\flt</Filter>
    </ClCompile>
    <ClCompile Include="..\src\flt\LightSourcePalette.cpp">
      <Filter>Source Files\flt</Filter>
    </ClCompile>
    <ClCompile Include="..\src\flt\LineStylePalette.cpp">
      <Filter>Source Files\flt</Filter>
    </ClCompile>
    <ClCompile Include="..\src\flt\LinkagePalette.cpp">
      <Filter>Source Files\flt</Filter>
    </ClCompile>
    <ClCompile Include="..\src\flt\LocalVertexPool.cpp">
      <Filter>Source Files\flt</Filter>
    </ClCompile>
    <ClCompile Include="..\src\flt\LongID.cpp">
      <Filter>Source Files\flt</Filter>
    </ClCompile>
    <ClCompile Include="..\src\flt\MaterialPalette.cpp">
      <Filter>Source Files\flt</Filter>
    </ClCompile>
    <ClCompile Include="..\src\flt\MeshPrimitive.cpp">
      <Filter>Source Files\flt</Filter>
    </ClCompile>
    <ClCompile Include="..\src\flt\MorphVertexList.cpp">
      <Filter>Source Files\flt</Filter>
    </ClCompile>
    <ClCompile Include="..\src\flt\MultiTexture.cpp">
      <Filter>Source Files\flt</Filter>
    </ClCompile>
    <ClCompile Include="..\src\flt\NameTable.cpp">
      <Filter>Source Files\flt</Filter>
    </ClCompile>
    <ClCompile Include="..\src\flt\OpenFlight.cpp">
      <Filter>Source Files\flt</Filter>
    </ClCompile>
    <ClCompile Include="..\src\flt\PopAttribute.cpp">
      <Filter>Source Files\flt</Filter>
    </ClCompile>
    <ClCompile Include="..\src\flt\PopExtension.cpp">
      <Filter>Source Files\flt</Filter>
    </ClCompile>
    <ClCompile Include="..\src\flt\PopLevel.cpp">
      <Filter>Source Files\flt</Filter>
    </ClCompile>
    <ClCompile Include="..\src\flt\PopSubface.cpp">
      <Filter>Source Files\flt</Filter>
    </ClCompile>
    <ClCompile Include="..\src\flt\PushAttribute.cpp">
      <Filter>Source Files\flt</Filter>
    </ClCompile>
    <ClCompile Include="..\src\flt\PushExtension.cpp">
      <Filter>Source Files\flt</Filter>
    </ClCompile>
    <ClCompile Include="..\src\flt\PushLevel.cpp">
      <Filter>Source Files\flt</Filter>
    </ClCompile>
    <ClCompile Include="..\src\flt\PushSubface.cpp">
      <Filter>Source Files\flt</Filter>
    </ClCompile>
    <ClCompile Include="..\src\flt\Put.cpp">
      <Filter>Source Files\flt</Filter>
    </ClCompile>
    <ClCompile Include="..\src\flt\Record.cpp">
      <Filter>Source Files\flt</Filter>
    </ClCompile>
    <ClCompile Include="..\src\flt\Replicate.cpp">
      <Filter>Source Files\flt</Filter>
    </ClCompile>
    <ClCompile Include="..\src\flt\RoadConstruction.cpp">
      <Filter>Source Files\flt</Filter>
    </ClCompile>
    <ClCompile Include="..\src\flt\RoadPath.cpp">
      <Filter>Source Files\flt</Filter>
    </ClCompile>
    <ClCompile Include="..\src\flt\RoadSegment.cpp">
      <Filter>Source Files\flt</Filter>
    </ClCompile>
    <ClCompile Include="..\src\flt\RoadZone.cpp">
      <Filter>Source Files\flt</Filter>
    </ClCompile>
    <ClCompile Include="..\src\flt\RotateAboutEdge.cpp">
      <Filter>Source Files\flt</Filter>
    </ClCompile>
    <ClCompile Include="..\src\flt\RotateAboutPoint.cpp">
      <Filter>Source Files\flt</Filter>
    </ClCompile>
    <ClCompile Include="..\src\flt\RotateScaleToPoint.cpp">
      <Filter>Source Files\flt</Filter>
    </ClCompile>
    <ClCompile Include="..\src\flt\Scale.cpp">
      <Filter>Source Files\flt</Filter>
    </ClCompile>
    <ClCompile Include="..\src\flt\ShaderPalette.cpp">
      <Filter>Source Files\flt</Filter>
    </ClCompile>
    <ClCompile Include="..\src\flt\Sound.cpp">
      <Filter>Source Files\flt</Filter>
    </ClCompile>
    <ClCompile Include="..\src\flt\SoundPalette.cpp">
      <Filter>Source Files\flt</Filter>
    </ClCompile>
    <ClCompile Include="..\src\flt\Switch.cpp">
      <Filter>Source Files\flt</Filter>
    </ClCompile>
    <ClCompile Include="..\src\flt\TextureMappingPalette.cpp">
      <Filter>Source Files\flt</Filter>
    </ClCompile>
    <ClCompile Include="..\src\flt\TexturePalette.cpp">
      <Filter>Source Files\flt</Filter>
    </ClCompile>
    <ClCompile Include="..\src\flt\Translate.cpp">
      <Filter>Source Files\flt</Filter>
    </ClCompile>
    <ClCompile Include="..\src\flt\Unknown.cpp">
      <Filter>Source Files\flt</Filter>
    </ClCompile>
    <ClCompile Include="..\src\flt\UVList.cpp">
      <Filter>Source Files\flt</Filter>
    </ClCompile>
    <ClCompile Include="..\src\flt\VertexList.cpp">
      <Filter>Source Files\flt</Filter>
    </ClCompile>
    <ClCompile Include="..\src\flt\VertexPalette.cpp">
      <Filter>Source Files\flt</Filter>
    </ClCompile>
    <ClCompile Include="..\src\flt\VertexWithColor.cpp">
      <Filter>Source Files\flt</Filter>
    </ClCompile>
    <ClCompile Include="..\src\flt\VertexWithColorNormal.cpp">
      <Filter>Source Files\flt</Filter>
    </ClCompile>
    <ClCompile Include="..\src\flt\VertexWithColorNormalUV.cpp">
      <Filter>Source Files\flt</Filter>
    </ClCompile>
    <ClCompile Include="..\src\flt\VertexWithColorUV.cpp">
      <Filter>Source Files\flt</Filter>
    </ClCompile>
    <ClCompile Include="..\src\flt\BinarySeparatingPlane.cpp">
      <Filter>Source Files\flt</Filter>
    </ClCompile>
    <ClCompile Include="..\src\flt\BoundingBox.cpp">
      <Filter>Source Files\flt</Filter>
    </ClCompile>
    <ClCompile Include="..\src\flt\BoundingConvexHull.cpp">
      <Filter>Source Files\flt</Filter>
    </ClCompile>
    <ClCompile Include="..\src\flt\BoundingCylinder.cpp">
      <Filter>Source Files\flt</Filter>
    </ClCompile>
    <ClCompile Include="..\src\flt\BoundingHistogram.cpp">
      <Filter>Source Files\flt</Filter>
    </ClCompile>
    <ClCompile Include="..\src\flt\BoundingSphere.cpp">
      <Filter>Source Files\flt</Filter>
    </ClCompile>
    <ClCompile Include="..\src\flt\BoundingVolumeCenter.cpp">
      <Filter>Source Files\flt</Filter>
    </ClCompile>
    <ClCompile Include="..\src\flt\BoundingVolumeOrientation.cpp">
      <Filter>Source Files\flt</Filter>
    </ClCompile>
    <ClCompile Include="..\src\flt\CAT.cpp">
      <Filter>Source Files\flt</Filter>
    </ClCompile>
    <ClCompile Include="..\src\flt\CATData.cpp">
      <Filter>Source Files\flt</Filter>
    </ClCompile>
    <ClCompile Include="..\src\flt\ClipRegion.cpp">
      <Filter>Source Files\flt</Filter>
    </ClCompile>
    <ClCompile Include="..\src\flt\ColorPalette.cpp">
      <Filter>Source Files\flt</Filter>
    </ClCompile>
    <ClCompile Include="..\src\flt\DegreeOfFreedom.cpp">
      <Filter>Source Files\flt</Filter>
    </ClCompile>
    <ClCompile Include="..\src\flt\ExtendedMaterialAlpha.cpp">
      <Filter>Source Files\flt</Filter>
    </ClCompile>
    <ClCompile Include="..\src\flt\FltCurve.cpp">
      <Filter>Source Files\flt</Filter>
    </ClCompile>
    <ClCompile Include="..\src\flt\FltFace.cpp">
      <Filter>Source Files\flt</Filter>
    </ClCompile>
    <ClCompile Include="..\src\flt\FltLightPoint.cpp">
      <Filter>Source Files\flt</Filter>
    </ClCompile>
    <ClCompile Include="..\src\flt\FltMatrix.cpp">
      <Filter>Source Files\flt</Filter>
    </ClCompile>
    <ClCompile Include="..\src\flt\FltMesh.cpp">
      <Filter>Source Files\flt</Filter>
    </ClCompile>
    <ClCompile Include="..\src\flt\FltExternalReference.cpp">
      <Filter>Source Files\flt</Filter>
    </ClCompile>
    <ClCompile Include="..\src\flt\FltObject.cpp">
      <Filter>Source Files\flt</Filter>
    </ClCompile>
    <ClCompile Include="..\src\flt\FltVector.cpp">
      <Filter>Source Files\flt</Filter>
    </ClCompile>
    <ClCompile Include="..\src\flt\FltText.cpp">
      <Filter>Source Files\flt</Filter>
    </ClCompile>
    <ClCompile Include="..\src\flt\FltComment.cpp">
      <Filter>Source Files\flt</Filter>
    </ClCompile>
    <ClCompile Include="..\src\ogr\Field.cpp">
      <Filter>Source Files\ogr</Filter>
    </ClCompile>
    <ClCompile Include="..\src\ogr\File.cpp">
      <Filter>Source Files\ogr</Filter>
    </ClCompile>
    <ClCompile Include="..\src\elev\SimpleDEMReader.cpp">
      <Filter>Source Files\elev</Filter>
    </ClCompile>
    <ClCompile Include="..\src\ogr\OGRLayer.cpp">
      <Filter>Source Files\ogr</Filter>
    </ClCompile>
  </ItemGroup>
  <ItemGroup>
    <Text Include="..\src\ccl\CMakeLists.txt">
      <Filter>Source Files\ccl</Filter>
    </Text>
    <Text Include="..\src\cts\CMakeLists.txt">
      <Filter>Source Files\cts</Filter>
    </Text>
    <Text Include="..\include\rapidjson\license.txt">
      <Filter>Header Files\rapidjson</Filter>
    </Text>
  </ItemGroup>
  <ItemGroup>
    <ClInclude Include="..\include\cad\AttributeDictionary.h">
      <Filter>Header Files\cad</Filter>
    </ClInclude>
    <ClInclude Include="..\include\ccl\date.h">
      <Filter>Header Files\ccl</Filter>
    </ClInclude>
    <ClInclude Include="..\include\ccl\datetime.h">
      <Filter>Header Files\ccl</Filter>
    </ClInclude>
    <ClInclude Include="..\include\ccl\Endian.h">
      <Filter>Header Files\ccl</Filter>
    </ClInclude>
    <ClInclude Include="..\include\ccl\Expression.h">
      <Filter>Header Files\ccl</Filter>
    </ClInclude>
    <ClInclude Include="..\include\ccl\FileInfo.h">
      <Filter>Header Files\ccl</Filter>
    </ClInclude>
    <ClInclude Include="..\include\ccl\inspection.h">
      <Filter>Header Files\ccl</Filter>
    </ClInclude>
    <ClInclude Include="..\include\ccl\JobManager.h">
      <Filter>Header Files\ccl</Filter>
    </ClInclude>
    <ClInclude Include="..\include\ccl\Key.h">
      <Filter>Header Files\ccl</Filter>
    </ClInclude>
    <ClInclude Include="..\include\ccl\LittleEndian.h">
      <Filter>Header Files\ccl</Filter>
    </ClInclude>
    <ClInclude Include="..\include\ccl\Log.h">
      <Filter>Header Files\ccl</Filter>
    </ClInclude>
    <ClInclude Include="..\include\ccl\LogBuffer.h">
      <Filter>Header Files\ccl</Filter>
    </ClInclude>
    <ClInclude Include="..\include\ccl\LogStream.h">
      <Filter>Header Files\ccl</Filter>
    </ClInclude>
    <ClInclude Include="..\include\ccl\LSBitField.h">
      <Filter>Header Files\ccl</Filter>
    </ClInclude>
    <ClInclude Include="..\include\ccl\md5.h">
      <Filter>Header Files\ccl</Filter>
    </ClInclude>
    <ClInclude Include="..\include\ccl\MSBitField.h">
      <Filter>Header Files\ccl</Filter>
    </ClInclude>
    <ClInclude Include="..\include\ccl\mutex.h">
      <Filter>Header Files\ccl</Filter>
    </ClInclude>
    <ClInclude Include="..\include\ccl\Number.h">
      <Filter>Header Files\ccl</Filter>
    </ClInclude>
    <ClInclude Include="..\include\ccl\object.h">
      <Filter>Header Files\ccl</Filter>
    </ClInclude>
    <ClInclude Include="..\include\ccl\ObjLog.h">
      <Filter>Header Files\ccl</Filter>
    </ClInclude>
    <ClInclude Include="..\include\ccl\Op.h">
      <Filter>Header Files\ccl</Filter>
    </ClInclude>
    <ClInclude Include="..\include\ccl\primitive.h">
      <Filter>Header Files\ccl</Filter>
    </ClInclude>
    <ClInclude Include="..\include\ccl\Profile.h">
      <Filter>Header Files\ccl</Filter>
    </ClInclude>
    <ClInclude Include="..\include\ccl\ProgressObserver.h">
      <Filter>Header Files\ccl</Filter>
    </ClInclude>
    <ClInclude Include="..\include\ccl\Runnable.h">
      <Filter>Header Files\ccl</Filter>
    </ClInclude>
    <ClInclude Include="..\include\ccl\ScopedTimer.h">
      <Filter>Header Files\ccl</Filter>
    </ClInclude>
    <ClInclude Include="..\include\ccl\sem.h">
      <Filter>Header Files\ccl</Filter>
    </ClInclude>
    <ClInclude Include="..\include\ccl\StringUtils.h">
      <Filter>Header Files\ccl</Filter>
    </ClInclude>
    <ClInclude Include="..\include\ccl\thread_local_ptr.h">
      <Filter>Header Files\ccl</Filter>
    </ClInclude>
    <ClInclude Include="..\include\ccl\Timer.h">
      <Filter>Header Files\ccl</Filter>
    </ClInclude>
    <ClInclude Include="..\include\ccl\uri.h">
      <Filter>Header Files\ccl</Filter>
    </ClInclude>
    <ClInclude Include="..\include\ccl\uuid.h">
      <Filter>Header Files\ccl</Filter>
    </ClInclude>
    <ClInclude Include="..\include\ccl\Value.h">
      <Filter>Header Files\ccl</Filter>
    </ClInclude>
    <ClInclude Include="..\include\ccl\Variant.h">
      <Filter>Header Files\ccl</Filter>
    </ClInclude>
    <ClInclude Include="..\include\ccl\VariantException.h">
      <Filter>Header Files\ccl</Filter>
    </ClInclude>
    <ClInclude Include="..\include\ccl\Action.h">
      <Filter>Header Files\ccl</Filter>
    </ClInclude>
    <ClInclude Include="..\include\ccl\AttributeContainer.h">
      <Filter>Header Files\ccl</Filter>
    </ClInclude>
    <ClInclude Include="..\include\ccl\attributes.h">
      <Filter>Header Files\ccl</Filter>
    </ClInclude>
    <ClInclude Include="..\include\ccl\BigEndian.h">
      <Filter>Header Files\ccl</Filter>
    </ClInclude>
    <ClInclude Include="..\include\ccl\binary.h">
      <Filter>Header Files\ccl</Filter>
    </ClInclude>
    <ClInclude Include="..\include\ccl\BindStream.h">
      <Filter>Header Files\ccl</Filter>
    </ClInclude>
    <ClInclude Include="..\include\ccl\BitField.h">
      <Filter>Header Files\ccl</Filter>
    </ClInclude>
    <ClInclude Include="..\include\ccl\ccl.h">
      <Filter>Header Files\ccl</Filter>
    </ClInclude>
    <ClInclude Include="..\include\ccl\ccltime.h">
      <Filter>Header Files\ccl</Filter>
    </ClInclude>
    <ClInclude Include="..\include\ccl\cds.h">
      <Filter>Header Files\ccl</Filter>
    </ClInclude>
    <ClInclude Include="..\include\ccl\cds_sqlite.h">
      <Filter>Header Files\ccl</Filter>
    </ClInclude>
    <ClInclude Include="..\include\ccl\config.h">
      <Filter>Header Files\ccl</Filter>
    </ClInclude>
    <ClInclude Include="..\include\ccl\cstdint.h">
      <Filter>Header Files\ccl</Filter>
    </ClInclude>
    <ClInclude Include="..\include\cts\CS_LocalCoordinateSystem.h">
      <Filter>Header Files\cts</Filter>
    </ClInclude>
    <ClInclude Include="..\include\cts\CS_LocalDatum.h">
      <Filter>Header Files\cts</Filter>
    </ClInclude>
    <ClInclude Include="..\include\cts\CS_PrimeMeridian.h">
      <Filter>Header Files\cts</Filter>
    </ClInclude>
    <ClInclude Include="..\include\cts\CS_ProjectedCoordinateSystem.h">
      <Filter>Header Files\cts</Filter>
    </ClInclude>
    <ClInclude Include="..\include\cts\CS_Projection.h">
      <Filter>Header Files\cts</Filter>
    </ClInclude>
    <ClInclude Include="..\include\cts\CS_Unit.h">
      <Filter>Header Files\cts</Filter>
    </ClInclude>
    <ClInclude Include="..\include\cts\CS_VerticalCoordinateSystem.h">
      <Filter>Header Files\cts</Filter>
    </ClInclude>
    <ClInclude Include="..\include\cts\CS_VerticalDatum.h">
      <Filter>Header Files\cts</Filter>
    </ClInclude>
    <ClInclude Include="..\include\cts\CT_CoordinateTransformation.h">
      <Filter>Header Files\cts</Filter>
    </ClInclude>
    <ClInclude Include="..\include\cts\CT_CoordinateTransformationAuthorityFactory.h">
      <Filter>Header Files\cts</Filter>
    </ClInclude>
    <ClInclude Include="..\include\cts\CT_CoordinateTransformationFactory.h">
      <Filter>Header Files\cts</Filter>
    </ClInclude>
    <ClInclude Include="..\include\cts\CT_MathTransform.h">
      <Filter>Header Files\cts</Filter>
    </ClInclude>
    <ClInclude Include="..\include\cts\CT_MathTransformFactory.h">
      <Filter>Header Files\cts</Filter>
    </ClInclude>
    <ClInclude Include="..\include\cts\cts.h">
      <Filter>Header Files\cts</Filter>
    </ClInclude>
    <ClInclude Include="..\include\cts\FlatEarthProjection.h">
      <Filter>Header Files\cts</Filter>
    </ClInclude>
    <ClInclude Include="..\include\cts\ProjInfo.h">
      <Filter>Header Files\cts</Filter>
    </ClInclude>
    <ClInclude Include="..\include\cts\pt.h">
      <Filter>Header Files\cts</Filter>
    </ClInclude>
    <ClInclude Include="..\include\cts\TransformRegistry.h">
      <Filter>Header Files\cts</Filter>
    </ClInclude>
    <ClInclude Include="..\include\cts\WGS84FromFlatEarthMathTransform.h">
      <Filter>Header Files\cts</Filter>
    </ClInclude>
    <ClInclude Include="..\include\cts\WGS84FromOrthographicMathTransform.h">
      <Filter>Header Files\cts</Filter>
    </ClInclude>
    <ClInclude Include="..\include\cts\WGS84Orthographic.h">
      <Filter>Header Files\cts</Filter>
    </ClInclude>
    <ClInclude Include="..\include\cts\WGS84ToFlatEarthMathTransform.h">
      <Filter>Header Files\cts</Filter>
    </ClInclude>
    <ClInclude Include="..\include\cts\WGS84ToOrthographicMathTransform.h">
      <Filter>Header Files\cts</Filter>
    </ClInclude>
    <ClInclude Include="..\include\cts\CS_AngularUnit.h">
      <Filter>Header Files\cts</Filter>
    </ClInclude>
    <ClInclude Include="..\include\cts\CS_CompoundCoordinateSystem.h">
      <Filter>Header Files\cts</Filter>
    </ClInclude>
    <ClInclude Include="..\include\cts\CS_CoordinateSystem.h">
      <Filter>Header Files\cts</Filter>
    </ClInclude>
    <ClInclude Include="..\include\cts\CS_CoordinateSystemAuthorityFactory.h">
      <Filter>Header Files\cts</Filter>
    </ClInclude>
    <ClInclude Include="..\include\cts\CS_CoordinateSystemFactory.h">
      <Filter>Header Files\cts</Filter>
    </ClInclude>
    <ClInclude Include="..\include\cts\CS_Datum.h">
      <Filter>Header Files\cts</Filter>
    </ClInclude>
    <ClInclude Include="..\include\cts\CS_Ellipsoid.h">
      <Filter>Header Files\cts</Filter>
    </ClInclude>
    <ClInclude Include="..\include\cts\CS_FittedCoordinateSystem.h">
      <Filter>Header Files\cts</Filter>
    </ClInclude>
    <ClInclude Include="..\include\cts\CS_GeocentricCoordinateSystem.h">
      <Filter>Header Files\cts</Filter>
    </ClInclude>
    <ClInclude Include="..\include\cts\CS_GeographicCoordinateSystem.h">
      <Filter>Header Files\cts</Filter>
    </ClInclude>
    <ClInclude Include="..\include\cts\CS_HorizontalCoordinateSystem.h">
      <Filter>Header Files\cts</Filter>
    </ClInclude>
    <ClInclude Include="..\include\cts\CS_HorizontalDatum.h">
      <Filter>Header Files\cts</Filter>
    </ClInclude>
    <ClInclude Include="..\include\cts\CS_Info.h">
      <Filter>Header Files\cts</Filter>
    </ClInclude>
    <ClInclude Include="..\include\cts\CS_LinearUnit.h">
      <Filter>Header Files\cts</Filter>
    </ClInclude>
    <ClInclude Include="..\include\dbi\Connection.h">
      <Filter>Header Files\dbi</Filter>
    </ClInclude>
    <ClInclude Include="..\include\dbi\dbi.h">
      <Filter>Header Files\dbi</Filter>
    </ClInclude>
    <ClInclude Include="..\include\dbi\Diag.h">
      <Filter>Header Files\dbi</Filter>
    </ClInclude>
    <ClInclude Include="..\include\dbi\Environment.h">
      <Filter>Header Files\dbi</Filter>
    </ClInclude>
    <ClInclude Include="..\include\dbi\Handle.h">
      <Filter>Header Files\dbi</Filter>
    </ClInclude>
    <ClInclude Include="..\include\dbi\InsertQueue.h">
      <Filter>Header Files\dbi</Filter>
    </ClInclude>
    <ClInclude Include="..\include\dbi\ScopedTransaction.h">
      <Filter>Header Files\dbi</Filter>
    </ClInclude>
    <ClInclude Include="..\include\dbi\Statement.h">
      <Filter>Header Files\dbi</Filter>
    </ClInclude>
    <ClInclude Include="..\include\dbi_sqlite\File.h">
      <Filter>Header Files\dbi_sqlite</Filter>
    </ClInclude>
    <ClInclude Include="..\include\dbi_sqlite\Statement.h">
      <Filter>Header Files\dbi_sqlite</Filter>
    </ClInclude>
    <ClInclude Include="..\include\dbi_sqlite\dbi_sqlite.h">
      <Filter>Header Files\dbi_sqlite</Filter>
    </ClInclude>
    <ClInclude Include="..\include\dom\CharacterData.h">
      <Filter>Header Files\dom</Filter>
    </ClInclude>
    <ClInclude Include="..\include\dom\Comment.h">
      <Filter>Header Files\dom</Filter>
    </ClInclude>
    <ClInclude Include="..\include\dom\Document.h">
      <Filter>Header Files\dom</Filter>
    </ClInclude>
    <ClInclude Include="..\include\dom\DocumentFragment.h">
      <Filter>Header Files\dom</Filter>
    </ClInclude>
    <ClInclude Include="..\include\dom\DocumentType.h">
      <Filter>Header Files\dom</Filter>
    </ClInclude>
    <ClInclude Include="..\include\dom\dom.h">
      <Filter>Header Files\dom</Filter>
    </ClInclude>
    <ClInclude Include="..\include\dom\DOMConfiguration.h">
      <Filter>Header Files\dom</Filter>
    </ClInclude>
    <ClInclude Include="..\include\dom\DOMError.h">
      <Filter>Header Files\dom</Filter>
    </ClInclude>
    <ClInclude Include="..\include\dom\DOMErrorHandler.h">
      <Filter>Header Files\dom</Filter>
    </ClInclude>
    <ClInclude Include="..\include\dom\DOMException.h">
      <Filter>Header Files\dom</Filter>
    </ClInclude>
    <ClInclude Include="..\include\dom\DOMImplementation.h">
      <Filter>Header Files\dom</Filter>
    </ClInclude>
    <ClInclude Include="..\include\dom\DOMLocator.h">
      <Filter>Header Files\dom</Filter>
    </ClInclude>
    <ClInclude Include="..\include\dom\Element.h">
      <Filter>Header Files\dom</Filter>
    </ClInclude>
    <ClInclude Include="..\include\dom\Entity.h">
      <Filter>Header Files\dom</Filter>
    </ClInclude>
    <ClInclude Include="..\include\dom\EntityReference.h">
      <Filter>Header Files\dom</Filter>
    </ClInclude>
    <ClInclude Include="..\include\dom\LSException.h">
      <Filter>Header Files\dom</Filter>
    </ClInclude>
    <ClInclude Include="..\include\dom\LSInput.h">
      <Filter>Header Files\dom</Filter>
    </ClInclude>
    <ClInclude Include="..\include\dom\LSOutput.h">
      <Filter>Header Files\dom</Filter>
    </ClInclude>
    <ClInclude Include="..\include\dom\LSParser.h">
      <Filter>Header Files\dom</Filter>
    </ClInclude>
    <ClInclude Include="..\include\dom\LSParserFilter.h">
      <Filter>Header Files\dom</Filter>
    </ClInclude>
    <ClInclude Include="..\include\dom\LSResourceResolver.h">
      <Filter>Header Files\dom</Filter>
    </ClInclude>
    <ClInclude Include="..\include\dom\LSSerializer.h">
      <Filter>Header Files\dom</Filter>
    </ClInclude>
    <ClInclude Include="..\include\dom\LSSerializerFilter.h">
      <Filter>Header Files\dom</Filter>
    </ClInclude>
    <ClInclude Include="..\include\dom\Node.h">
      <Filter>Header Files\dom</Filter>
    </ClInclude>
    <ClInclude Include="..\include\dom\NodeFilter.h">
      <Filter>Header Files\dom</Filter>
    </ClInclude>
    <ClInclude Include="..\include\dom\NodeIterator.h">
      <Filter>Header Files\dom</Filter>
    </ClInclude>
    <ClInclude Include="..\include\dom\Notation.h">
      <Filter>Header Files\dom</Filter>
    </ClInclude>
    <ClInclude Include="..\include\dom\ProcessingInstruction.h">
      <Filter>Header Files\dom</Filter>
    </ClInclude>
    <ClInclude Include="..\include\dom\Range.h">
      <Filter>Header Files\dom</Filter>
    </ClInclude>
    <ClInclude Include="..\include\dom\RangeException.h">
      <Filter>Header Files\dom</Filter>
    </ClInclude>
    <ClInclude Include="..\include\dom\Text.h">
      <Filter>Header Files\dom</Filter>
    </ClInclude>
    <ClInclude Include="..\include\dom\TreeWalker.h">
      <Filter>Header Files\dom</Filter>
    </ClInclude>
    <ClInclude Include="..\include\dom\TypeInfo.h">
      <Filter>Header Files\dom</Filter>
    </ClInclude>
    <ClInclude Include="..\include\dom\UserDataHandler.h">
      <Filter>Header Files\dom</Filter>
    </ClInclude>
    <ClInclude Include="..\include\dom\Attr.h">
      <Filter>Header Files\dom</Filter>
    </ClInclude>
    <ClInclude Include="..\include\dom\base.h">
      <Filter>Header Files\dom</Filter>
    </ClInclude>
    <ClInclude Include="..\include\dom\CDATASection.h">
      <Filter>Header Files\dom</Filter>
    </ClInclude>
    <ClInclude Include="..\include\ip\GDALRasterReader.h">
      <Filter>Header Files\ip</Filter>
    </ClInclude>
    <ClInclude Include="..\include\ip\GDALRasterSampler.h">
      <Filter>Header Files\ip</Filter>
    </ClInclude>
    <ClInclude Include="..\include\ip\imageinfo.h">
      <Filter>Header Files\ip</Filter>
    </ClInclude>
    <ClInclude Include="..\include\ip\ip.h">
      <Filter>Header Files\ip</Filter>
    </ClInclude>
    <ClInclude Include="..\include\ip\jpgwrapper.h">
      <Filter>Header Files\ip</Filter>
    </ClInclude>
    <ClInclude Include="..\include\ip\pngwrapper.h">
      <Filter>Header Files\ip</Filter>
    </ClInclude>
    <ClInclude Include="..\include\ip\rasterPoly.h">
      <Filter>Header Files\ip</Filter>
    </ClInclude>
    <ClInclude Include="..\include\ip\rgb.h">
      <Filter>Header Files\ip</Filter>
    </ClInclude>
    <ClInclude Include="..\include\ip\SkipList.h">
      <Filter>Header Files\ip</Filter>
    </ClInclude>
    <ClInclude Include="..\include\ip\attr.h">
      <Filter>Header Files\ip</Filter>
    </ClInclude>
    <ClInclude Include="..\include\lmfit\lmcurve_tyd.h">
      <Filter>Header Files\lmfit</Filter>
    </ClInclude>
    <ClInclude Include="..\include\lmfit\lmmin.h">
      <Filter>Header Files\lmfit</Filter>
    </ClInclude>
    <ClInclude Include="..\include\lmfit\lmstruct.h">
      <Filter>Header Files\lmfit</Filter>
    </ClInclude>
    <ClInclude Include="..\include\lmfit\lmcurve.h">
      <Filter>Header Files\lmfit</Filter>
    </ClInclude>
    <ClInclude Include="..\include\rapidjson\allocators.h">
      <Filter>Header Files\rapidjson</Filter>
    </ClInclude>
    <ClInclude Include="..\include\rapidjson\document.h">
      <Filter>Header Files\rapidjson</Filter>
    </ClInclude>
    <ClInclude Include="..\include\rapidjson\encodedstream.h">
      <Filter>Header Files\rapidjson</Filter>
    </ClInclude>
    <ClInclude Include="..\include\rapidjson\encodings.h">
      <Filter>Header Files\rapidjson</Filter>
    </ClInclude>
    <ClInclude Include="..\include\rapidjson\filereadstream.h">
      <Filter>Header Files\rapidjson</Filter>
    </ClInclude>
    <ClInclude Include="..\include\rapidjson\filewritestream.h">
      <Filter>Header Files\rapidjson</Filter>
    </ClInclude>
    <ClInclude Include="..\include\rapidjson\fwd.h">
      <Filter>Header Files\rapidjson</Filter>
    </ClInclude>
    <ClInclude Include="..\include\rapidjson\istreamwrapper.h">
      <Filter>Header Files\rapidjson</Filter>
    </ClInclude>
    <ClInclude Include="..\include\rapidjson\memorybuffer.h">
      <Filter>Header Files\rapidjson</Filter>
    </ClInclude>
    <ClInclude Include="..\include\rapidjson\memorystream.h">
      <Filter>Header Files\rapidjson</Filter>
    </ClInclude>
    <ClInclude Include="..\include\rapidjson\ostreamwrapper.h">
      <Filter>Header Files\rapidjson</Filter>
    </ClInclude>
    <ClInclude Include="..\include\rapidjson\pointer.h">
      <Filter>Header Files\rapidjson</Filter>
    </ClInclude>
    <ClInclude Include="..\include\rapidjson\prettywriter.h">
      <Filter>Header Files\rapidjson</Filter>
    </ClInclude>
    <ClInclude Include="..\include\rapidjson\rapidjson.h">
      <Filter>Header Files\rapidjson</Filter>
    </ClInclude>
    <ClInclude Include="..\include\rapidjson\reader.h">
      <Filter>Header Files\rapidjson</Filter>
    </ClInclude>
    <ClInclude Include="..\include\rapidjson\schema.h">
      <Filter>Header Files\rapidjson</Filter>
    </ClInclude>
    <ClInclude Include="..\include\rapidjson\stream.h">
      <Filter>Header Files\rapidjson</Filter>
    </ClInclude>
    <ClInclude Include="..\include\rapidjson\stringbuffer.h">
      <Filter>Header Files\rapidjson</Filter>
    </ClInclude>
    <ClInclude Include="..\include\rapidjson\writer.h">
      <Filter>Header Files\rapidjson</Filter>
    </ClInclude>
    <ClInclude Include="..\include\rapidxml\rapidxml.hpp">
      <Filter>Header Files\rapidxml</Filter>
    </ClInclude>
    <ClInclude Include="..\include\rapidxml\rapidxml_iterators.hpp">
      <Filter>Header Files\rapidxml</Filter>
    </ClInclude>
    <ClInclude Include="..\include\rapidxml\rapidxml_print.hpp">
      <Filter>Header Files\rapidxml</Filter>
    </ClInclude>
    <ClInclude Include="..\include\rapidxml\rapidxml_utils.hpp">
      <Filter>Header Files\rapidxml</Filter>
    </ClInclude>
    <ClInclude Include="..\include\scenegraph\ExtentsVisitor.h">
      <Filter>Header Files\scenegraph</Filter>
    </ClInclude>
    <ClInclude Include="..\include\scenegraph\ExternalReference.h">
      <Filter>Header Files\scenegraph</Filter>
    </ClInclude>
    <ClInclude Include="..\include\scenegraph\Face.h">
      <Filter>Header Files\scenegraph</Filter>
    </ClInclude>
    <ClInclude Include="..\include\scenegraph\FlattenVisitor.h">
      <Filter>Header Files\scenegraph</Filter>
    </ClInclude>
    <ClInclude Include="..\include\scenegraph\GroupingVisitor.h">
      <Filter>Header Files\scenegraph</Filter>
    </ClInclude>
    <ClInclude Include="..\include\scenegraph\LightPoint.h">
      <Filter>Header Files\scenegraph</Filter>
    </ClInclude>
    <ClInclude Include="..\include\scenegraph\LineString.h">
      <Filter>Header Files\scenegraph</Filter>
    </ClInclude>
    <ClInclude Include="..\include\scenegraph\LOD.h">
      <Filter>Header Files\scenegraph</Filter>
    </ClInclude>
    <ClInclude Include="..\include\scenegraph\MappedTexture.h">
      <Filter>Header Files\scenegraph</Filter>
    </ClInclude>
    <ClInclude Include="..\include\scenegraph\MappedTextureMatrix.h">
      <Filter>Header Files\scenegraph</Filter>
    </ClInclude>
    <ClInclude Include="..\include\scenegraph\Material.h">
      <Filter>Header Files\scenegraph</Filter>
    </ClInclude>
    <ClInclude Include="..\include\scenegraph\Node.h">
      <Filter>Header Files\scenegraph</Filter>
    </ClInclude>
    <ClInclude Include="..\include\scenegraph\Octree.h">
      <Filter>Header Files\scenegraph</Filter>
    </ClInclude>
    <ClInclude Include="..\include\scenegraph\Relationship.h">
      <Filter>Header Files\scenegraph</Filter>
    </ClInclude>
    <ClInclude Include="..\include\scenegraph\Scene.h">
      <Filter>Header Files\scenegraph</Filter>
    </ClInclude>
    <ClInclude Include="..\include\scenegraph\SceneCropper.h">
      <Filter>Header Files\scenegraph</Filter>
    </ClInclude>
    <ClInclude Include="..\include\scenegraph\scenegraph.h">
      <Filter>Header Files\scenegraph</Filter>
    </ClInclude>
    <ClInclude Include="..\include\scenegraph\SetTexturePathVisitor.h">
      <Filter>Header Files\scenegraph</Filter>
    </ClInclude>
    <ClInclude Include="..\include\scenegraph\TerrainCullingVisitor.h">
      <Filter>Header Files\scenegraph</Filter>
    </ClInclude>
    <ClInclude Include="..\include\scenegraph\TransformVisitor.h">
      <Filter>Header Files\scenegraph</Filter>
    </ClInclude>
    <ClInclude Include="..\include\scenegraph\UserData.h">
      <Filter>Header Files\scenegraph</Filter>
    </ClInclude>
    <ClInclude Include="..\include\scenegraph\Visitor.h">
      <Filter>Header Files\scenegraph</Filter>
    </ClInclude>
    <ClInclude Include="..\include\scenegraph\Color.h">
      <Filter>Header Files\scenegraph</Filter>
    </ClInclude>
    <ClInclude Include="..\include\scenegraph\CoordinateTransformVisitor.h">
      <Filter>Header Files\scenegraph</Filter>
    </ClInclude>
    <ClInclude Include="..\include\scenegraph\DrapeVisitor.h">
      <Filter>Header Files\scenegraph</Filter>
    </ClInclude>
    <ClInclude Include="..\include\scenegraphflt\scenegraphflt.h">
      <Filter>Header Files\scenegraphflt</Filter>
    </ClInclude>
    <ClInclude Include="..\include\sfa\SegmentIntersector.h">
      <Filter>Header Files\sfa</Filter>
    </ClInclude>
    <ClInclude Include="..\include\sfa\sfa.h">
      <Filter>Header Files\sfa</Filter>
    </ClInclude>
    <ClInclude Include="..\include\sfa\Surface.h">
      <Filter>Header Files\sfa</Filter>
    </ClInclude>
    <ClInclude Include="..\include\sfa\BSP.h">
      <Filter>Header Files\sfa</Filter>
    </ClInclude>
    <ClInclude Include="..\include\sfa\Buffer.h">
      <Filter>Header Files\sfa</Filter>
    </ClInclude>
    <ClInclude Include="..\include\sfa\Buffer3D.h">
      <Filter>Header Files\sfa</Filter>
    </ClInclude>
    <ClInclude Include="..\include\sfa\ConvexHull.h">
      <Filter>Header Files\sfa</Filter>
    </ClInclude>
    <ClInclude Include="..\include\sfa\ConvexHull3D.h">
      <Filter>Header Files\sfa</Filter>
    </ClInclude>
    <ClInclude Include="..\include\sfa\Curve.h">
      <Filter>Header Files\sfa</Filter>
    </ClInclude>
    <ClInclude Include="..\include\sfa\de9im.h">
      <Filter>Header Files\sfa</Filter>
    </ClInclude>
    <ClInclude Include="..\include\sfa\Distance.h">
      <Filter>Header Files\sfa</Filter>
    </ClInclude>
    <ClInclude Include="..\include\sfa\Distance3D.h">
      <Filter>Header Files\sfa</Filter>
    </ClInclude>
    <ClInclude Include="..\include\sfa\EdgeGroup.h">
      <Filter>Header Files\sfa</Filter>
    </ClInclude>
    <ClInclude Include="..\include\sfa\EdgeGroupBuilder.h">
      <Filter>Header Files\sfa</Filter>
    </ClInclude>
    <ClInclude Include="..\include\sfa\EdgeGroupDivision.h">
      <Filter>Header Files\sfa</Filter>
    </ClInclude>
    <ClInclude Include="..\include\sfa\EdgeIntersector.h">
      <Filter>Header Files\sfa</Filter>
    </ClInclude>
    <ClInclude Include="..\include\sfa\EdgeNode.h">
      <Filter>Header Files\sfa</Filter>
    </ClInclude>
    <ClInclude Include="..\include\sfa\EdgeNodeEnd.h">
      <Filter>Header Files\sfa</Filter>
    </ClInclude>
    <ClInclude Include="..\include\sfa\EnvelopeCheck.h">
      <Filter>Header Files\sfa</Filter>
    </ClInclude>
    <ClInclude Include="..\include\sfa\Factory.h">
      <Filter>Header Files\sfa</Filter>
    </ClInclude>
    <ClInclude Include="..\include\sfa\Feature.h">
      <Filter>Header Files\sfa</Filter>
    </ClInclude>
    <ClInclude Include="..\include\sfa\File.h">
      <Filter>Header Files\sfa</Filter>
    </ClInclude>
    <ClInclude Include="..\include\sfa\Geometry.h">
      <Filter>Header Files\sfa</Filter>
    </ClInclude>
    <ClInclude Include="..\include\sfa\GeometryCollection.h">
      <Filter>Header Files\sfa</Filter>
    </ClInclude>
    <ClInclude Include="..\include\sfa\GeometryGraph.h">
      <Filter>Header Files\sfa</Filter>
    </ClInclude>
    <ClInclude Include="..\include\sfa\GeometrySnapper.h">
      <Filter>Header Files\sfa</Filter>
    </ClInclude>
    <ClInclude Include="..\include\sfa\GraphOperation.h">
      <Filter>Header Files\sfa</Filter>
    </ClInclude>
    <ClInclude Include="..\include\sfa\Intersector.h">
      <Filter>Header Files\sfa</Filter>
    </ClInclude>
    <ClInclude Include="..\include\sfa\Intersector3D.h">
      <Filter>Header Files\sfa</Filter>
    </ClInclude>
    <ClInclude Include="..\include\sfa\Label.h">
      <Filter>Header Files\sfa</Filter>
    </ClInclude>
    <ClInclude Include="..\include\sfa\Layer.h">
      <Filter>Header Files\sfa</Filter>
    </ClInclude>
    <ClInclude Include="..\include\sfa\LineMath.h">
      <Filter>Header Files\sfa</Filter>
    </ClInclude>
    <ClInclude Include="..\include\sfa\LineString.h">
      <Filter>Header Files\sfa</Filter>
    </ClInclude>
    <ClInclude Include="..\include\sfa\Matrix.h">
      <Filter>Header Files\sfa</Filter>
    </ClInclude>
    <ClInclude Include="..\include\sfa\MultiCurve.h">
      <Filter>Header Files\sfa</Filter>
    </ClInclude>
    <ClInclude Include="..\include\sfa\MultiLineString.h">
      <Filter>Header Files\sfa</Filter>
    </ClInclude>
    <ClInclude Include="..\include\sfa\MultiPoint.h">
      <Filter>Header Files\sfa</Filter>
    </ClInclude>
    <ClInclude Include="..\include\sfa\MultiPolygon.h">
      <Filter>Header Files\sfa</Filter>
    </ClInclude>
    <ClInclude Include="..\include\sfa\MultiSurface.h">
      <Filter>Header Files\sfa</Filter>
    </ClInclude>
    <ClInclude Include="..\include\sfa\Overlay.h">
      <Filter>Header Files\sfa</Filter>
    </ClInclude>
    <ClInclude Include="..\include\sfa\Overlay3D.h">
      <Filter>Header Files\sfa</Filter>
    </ClInclude>
    <ClInclude Include="..\include\sfa\PatchUnion.h">
      <Filter>Header Files\sfa</Filter>
    </ClInclude>
    <ClInclude Include="..\include\sfa\PlanarGraph.h">
      <Filter>Header Files\sfa</Filter>
    </ClInclude>
    <ClInclude Include="..\include\sfa\PlanarGraphOperation.h">
      <Filter>Header Files\sfa</Filter>
    </ClInclude>
    <ClInclude Include="..\include\sfa\PlaneFitter.h">
      <Filter>Header Files\sfa</Filter>
    </ClInclude>
    <ClInclude Include="..\include\sfa\Point.h">
      <Filter>Header Files\sfa</Filter>
    </ClInclude>
    <ClInclude Include="..\include\sfa\PointExtractor.h">
      <Filter>Header Files\sfa</Filter>
    </ClInclude>
    <ClInclude Include="..\include\sfa\PointLineIntersector.h">
      <Filter>Header Files\sfa</Filter>
    </ClInclude>
    <ClInclude Include="..\include\sfa\PointLocator.h">
      <Filter>Header Files\sfa</Filter>
    </ClInclude>
    <ClInclude Include="..\include\sfa\PointMath.h">
      <Filter>Header Files\sfa</Filter>
    </ClInclude>
    <ClInclude Include="..\include\sfa\PointNode.h">
      <Filter>Header Files\sfa</Filter>
    </ClInclude>
    <ClInclude Include="..\include\sfa\Polygon.h">
      <Filter>Header Files\sfa</Filter>
    </ClInclude>
    <ClInclude Include="..\include\sfa\PolygonClipper.h">
      <Filter>Header Files\sfa</Filter>
    </ClInclude>
    <ClInclude Include="..\include\sfa\PolyhedralSurface.h">
      <Filter>Header Files\sfa</Filter>
    </ClInclude>
    <ClInclude Include="..\include\sfa\Projection2D.h">
      <Filter>Header Files\sfa</Filter>
    </ClInclude>
    <ClInclude Include="..\include\sfa\Quat.h">
      <Filter>Header Files\sfa</Filter>
    </ClInclude>
    <ClInclude Include="..\include\sfa\Relate.h">
      <Filter>Header Files\sfa</Filter>
    </ClInclude>
    <ClInclude Include="..\include\sfa\RelateCompute.h">
      <Filter>Header Files\sfa</Filter>
    </ClInclude>
    <ClInclude Include="..\include\sfa\RelateCompute3D.h">
      <Filter>Header Files\sfa</Filter>
    </ClInclude>
    <ClInclude Include="..\include\sfa\RelateOperation.h">
      <Filter>Header Files\sfa</Filter>
    </ClInclude>
    <ClInclude Include="..\include\sfa\RingMath.h">
      <Filter>Header Files\sfa</Filter>
    </ClInclude>
    <ClInclude Include="..\include\sqlite\sqlite3.h">
      <Filter>Header Files\sqlite</Filter>
    </ClInclude>
    <ClInclude Include="..\include\sqlite\sqlite3ext.h">
      <Filter>Header Files\sqlite</Filter>
    </ClInclude>
    <ClInclude Include="..\include\tg\TerrainGenerator.h">
      <Filter>Header Files\tg</Filter>
    </ClInclude>
    <ClInclude Include="..\include\elev\DataSource.h">
      <Filter>Header Files\elev</Filter>
    </ClInclude>
    <ClInclude Include="..\include\elev\DataSource_Raster.h">
      <Filter>Header Files\elev</Filter>
    </ClInclude>
    <ClInclude Include="..\include\elev\DataSource_Raster_GDAL.h">
      <Filter>Header Files\elev</Filter>
    </ClInclude>
    <ClInclude Include="..\include\elev\DataSourceManager.h">
      <Filter>Header Files\elev</Filter>
    </ClInclude>
    <ClInclude Include="..\include\elev\Elevation.h">
      <Filter>Header Files\elev</Filter>
    </ClInclude>
    <ClInclude Include="..\include\elev\Elevation_DSM.h">
      <Filter>Header Files\elev</Filter>
    </ClInclude>
    <ClInclude Include="..\include\elev\Line.h">
      <Filter>Header Files\elev</Filter>
    </ClInclude>
    <ClInclude Include="..\include\elev\Cache.h">
      <Filter>Header Files\elev</Filter>
    </ClInclude>
    <ClInclude Include="..\include\elev\CacheEntry.h">
      <Filter>Header Files\elev</Filter>
    </ClInclude>
    <ClInclude Include="..\include\elev\DataPost.h">
      <Filter>Header Files\elev</Filter>
    </ClInclude>
    <ClInclude Include="..\include\flt\MeshPrimitive.h">
      <Filter>Header Files\flt</Filter>
    </ClInclude>
    <ClInclude Include="..\include\flt\MorphVertexList.h">
      <Filter>Header Files\flt</Filter>
    </ClInclude>
    <ClInclude Include="..\include\flt\MultiTexture.h">
      <Filter>Header Files\flt</Filter>
    </ClInclude>
    <ClInclude Include="..\include\flt\NameTable.h">
      <Filter>Header Files\flt</Filter>
    </ClInclude>
    <ClInclude Include="..\include\flt\Object.h">
      <Filter>Header Files\flt</Filter>
    </ClInclude>
    <ClInclude Include="..\include\flt\OpenFlight.h">
      <Filter>Header Files\flt</Filter>
    </ClInclude>
    <ClInclude Include="..\include\flt\PopAttribute.h">
      <Filter>Header Files\flt</Filter>
    </ClInclude>
    <ClInclude Include="..\include\flt\PopExtension.h">
      <Filter>Header Files\flt</Filter>
    </ClInclude>
    <ClInclude Include="..\include\flt\PopLevel.h">
      <Filter>Header Files\flt</Filter>
    </ClInclude>
    <ClInclude Include="..\include\flt\PopSubface.h">
      <Filter>Header Files\flt</Filter>
    </ClInclude>
    <ClInclude Include="..\include\flt\PushAttribute.h">
      <Filter>Header Files\flt</Filter>
    </ClInclude>
    <ClInclude Include="..\include\flt\PushExtension.h">
      <Filter>Header Files\flt</Filter>
    </ClInclude>
    <ClInclude Include="..\include\flt\PushLevel.h">
      <Filter>Header Files\flt</Filter>
    </ClInclude>
    <ClInclude Include="..\include\flt\PushSubface.h">
      <Filter>Header Files\flt</Filter>
    </ClInclude>
    <ClInclude Include="..\include\flt\Put.h">
      <Filter>Header Files\flt</Filter>
    </ClInclude>
    <ClInclude Include="..\include\flt\Record.h">
      <Filter>Header Files\flt</Filter>
    </ClInclude>
    <ClInclude Include="..\include\flt\Replicate.h">
      <Filter>Header Files\flt</Filter>
    </ClInclude>
    <ClInclude Include="..\include\flt\RoadConstruction.h">
      <Filter>Header Files\flt</Filter>
    </ClInclude>
    <ClInclude Include="..\include\flt\RoadPath.h">
      <Filter>Header Files\flt</Filter>
    </ClInclude>
    <ClInclude Include="..\include\flt\RoadSegment.h">
      <Filter>Header Files\flt</Filter>
    </ClInclude>
    <ClInclude Include="..\include\flt\RoadZone.h">
      <Filter>Header Files\flt</Filter>
    </ClInclude>
    <ClInclude Include="..\include\flt\RotateAboutEdge.h">
      <Filter>Header Files\flt</Filter>
    </ClInclude>
    <ClInclude Include="..\include\flt\RotateAboutPoint.h">
      <Filter>Header Files\flt</Filter>
    </ClInclude>
    <ClInclude Include="..\include\flt\RotateScaleToPoint.h">
      <Filter>Header Files\flt</Filter>
    </ClInclude>
    <ClInclude Include="..\include\flt\Scale.h">
      <Filter>Header Files\flt</Filter>
    </ClInclude>
    <ClInclude Include="..\include\flt\ShaderPalette.h">
      <Filter>Header Files\flt</Filter>
    </ClInclude>
    <ClInclude Include="..\include\flt\Sound.h">
      <Filter>Header Files\flt</Filter>
    </ClInclude>
    <ClInclude Include="..\include\flt\SoundPalette.h">
      <Filter>Header Files\flt</Filter>
    </ClInclude>
    <ClInclude Include="..\include\flt\Switch.h">
      <Filter>Header Files\flt</Filter>
    </ClInclude>
    <ClInclude Include="..\include\flt\Text.h">
      <Filter>Header Files\flt</Filter>
    </ClInclude>
    <ClInclude Include="..\include\flt\TextureMappingPalette.h">
      <Filter>Header Files\flt</Filter>
    </ClInclude>
    <ClInclude Include="..\include\flt\TexturePalette.h">
      <Filter>Header Files\flt</Filter>
    </ClInclude>
    <ClInclude Include="..\include\flt\Translate.h">
      <Filter>Header Files\flt</Filter>
    </ClInclude>
    <ClInclude Include="..\include\flt\Unknown.h">
      <Filter>Header Files\flt</Filter>
    </ClInclude>
    <ClInclude Include="..\include\flt\UVList.h">
      <Filter>Header Files\flt</Filter>
    </ClInclude>
    <ClInclude Include="..\include\flt\Vector.h">
      <Filter>Header Files\flt</Filter>
    </ClInclude>
    <ClInclude Include="..\include\flt\VertexList.h">
      <Filter>Header Files\flt</Filter>
    </ClInclude>
    <ClInclude Include="..\include\flt\VertexPalette.h">
      <Filter>Header Files\flt</Filter>
    </ClInclude>
    <ClInclude Include="..\include\flt\VertexWithColor.h">
      <Filter>Header Files\flt</Filter>
    </ClInclude>
    <ClInclude Include="..\include\flt\VertexWithColorNormal.h">
      <Filter>Header Files\flt</Filter>
    </ClInclude>
    <ClInclude Include="..\include\flt\VertexWithColorNormalUV.h">
      <Filter>Header Files\flt</Filter>
    </ClInclude>
    <ClInclude Include="..\include\flt\VertexWithColorUV.h">
      <Filter>Header Files\flt</Filter>
    </ClInclude>
    <ClInclude Include="..\include\flt\BinarySeparatingPlane.h">
      <Filter>Header Files\flt</Filter>
    </ClInclude>
    <ClInclude Include="..\include\flt\BoundingBox.h">
      <Filter>Header Files\flt</Filter>
    </ClInclude>
    <ClInclude Include="..\include\flt\BoundingConvexHull.h">
      <Filter>Header Files\flt</Filter>
    </ClInclude>
    <ClInclude Include="..\include\flt\BoundingCylinder.h">
      <Filter>Header Files\flt</Filter>
    </ClInclude>
    <ClInclude Include="..\include\flt\BoundingHistogram.h">
      <Filter>Header Files\flt</Filter>
    </ClInclude>
    <ClInclude Include="..\include\flt\BoundingSphere.h">
      <Filter>Header Files\flt</Filter>
    </ClInclude>
    <ClInclude Include="..\include\flt\BoundingVolumeCenter.h">
      <Filter>Header Files\flt</Filter>
    </ClInclude>
    <ClInclude Include="..\include\flt\BoundingVolumeOrientation.h">
      <Filter>Header Files\flt</Filter>
    </ClInclude>
    <ClInclude Include="..\include\flt\CAT.h">
      <Filter>Header Files\flt</Filter>
    </ClInclude>
    <ClInclude Include="..\include\flt\CATData.h">
      <Filter>Header Files\flt</Filter>
    </ClInclude>
    <ClInclude Include="..\include\flt\ClipRegion.h">
      <Filter>Header Files\flt</Filter>
    </ClInclude>
    <ClInclude Include="..\include\flt\ColorPalette.h">
      <Filter>Header Files\flt</Filter>
    </ClInclude>
    <ClInclude Include="..\include\flt\Comment.h">
      <Filter>Header Files\flt</Filter>
    </ClInclude>
    <ClInclude Include="..\include\flt\Curve.h">
      <Filter>Header Files\flt</Filter>
    </ClInclude>
    <ClInclude Include="..\include\flt\DegreeOfFreedom.h">
      <Filter>Header Files\flt</Filter>
    </ClInclude>
    <ClInclude Include="..\include\flt\ExtendedMaterialAlpha.h">
      <Filter>Header Files\flt</Filter>
    </ClInclude>
    <ClInclude Include="..\include\flt\ExtendedMaterialAmbient.h">
      <Filter>Header Files\flt</Filter>
    </ClInclude>
    <ClInclude Include="..\include\flt\ExtendedMaterialBumpMap.h">
      <Filter>Header Files\flt</Filter>
    </ClInclude>
    <ClInclude Include="..\include\flt\ExtendedMaterialDiffuse.h">
      <Filter>Header Files\flt</Filter>
    </ClInclude>
    <ClInclude Include="..\include\flt\ExtendedMaterialEmissive.h">
      <Filter>Header Files\flt</Filter>
    </ClInclude>
    <ClInclude Include="..\include\flt\ExtendedMaterialHeader.h">
      <Filter>Header Files\flt</Filter>
    </ClInclude>
    <ClInclude Include="..\include\flt\ExtendedMaterialLightMap.h">
      <Filter>Header Files\flt</Filter>
    </ClInclude>
    <ClInclude Include="..\include\flt\ExtendedMaterialNormalMap.h">
      <Filter>Header Files\flt</Filter>
    </ClInclude>
    <ClInclude Include="..\include\flt\ExtendedMaterialReflectionMap.h">
      <Filter>Header Files\flt</Filter>
    </ClInclude>
    <ClInclude Include="..\include\flt\ExtendedMaterialShadowMap.h">
      <Filter>Header Files\flt</Filter>
    </ClInclude>
    <ClInclude Include="..\include\flt\ExtendedMaterialSpecular.h">
      <Filter>Header Files\flt</Filter>
    </ClInclude>
    <ClInclude Include="..\include\flt\Extension.h">
      <Filter>Header Files\flt</Filter>
    </ClInclude>
    <ClInclude Include="..\include\flt\ExtensionFieldBoolean.h">
      <Filter>Header Files\flt</Filter>
    </ClInclude>
    <ClInclude Include="..\include\flt\ExtensionFieldDouble.h">
      <Filter>Header Files\flt</Filter>
    </ClInclude>
    <ClInclude Include="..\include\flt\ExtensionFieldFloat.h">
      <Filter>Header Files\flt</Filter>
    </ClInclude>
    <ClInclude Include="..\include\flt\ExtensionFieldInteger.h">
      <Filter>Header Files\flt</Filter>
    </ClInclude>
    <ClInclude Include="..\include\flt\ExtensionFieldString.h">
      <Filter>Header Files\flt</Filter>
    </ClInclude>
    <ClInclude Include="..\include\flt\ExtensionFieldXML.h">
      <Filter>Header Files\flt</Filter>
    </ClInclude>
    <ClInclude Include="..\include\flt\ExtensionGUIDPalette.h">
      <Filter>Header Files\flt</Filter>
    </ClInclude>
    <ClInclude Include="..\include\flt\ExternalReference.h">
      <Filter>Header Files\flt</Filter>
    </ClInclude>
    <ClInclude Include="..\include\flt\EyepointTrackplanePalette.h">
      <Filter>Header Files\flt</Filter>
    </ClInclude>
    <ClInclude Include="..\include\flt\Face.h">
      <Filter>Header Files\flt</Filter>
    </ClInclude>
    <ClInclude Include="..\include\flt\flt.h">
      <Filter>Header Files\flt</Filter>
    </ClInclude>
    <ClInclude Include="..\include\flt\GeneralMatrix.h">
      <Filter>Header Files\flt</Filter>
    </ClInclude>
    <ClInclude Include="..\include\flt\Group.h">
      <Filter>Header Files\flt</Filter>
    </ClInclude>
    <ClInclude Include="..\include\flt\Header.h">
      <Filter>Header Files\flt</Filter>
    </ClInclude>
    <ClInclude Include="..\include\flt\IndexedLightPoint.h">
      <Filter>Header Files\flt</Filter>
    </ClInclude>
    <ClInclude Include="..\include\flt\IndexedString.h">
      <Filter>Header Files\flt</Filter>
    </ClInclude>
    <ClInclude Include="..\include\flt\InstanceDefinition.h">
      <Filter>Header Files\flt</Filter>
    </ClInclude>
    <ClInclude Include="..\include\flt\InstanceReference.h">
      <Filter>Header Files\flt</Filter>
    </ClInclude>
    <ClInclude Include="..\include\flt\KeyTable.h">
      <Filter>Header Files\flt</Filter>
    </ClInclude>
    <ClInclude Include="..\include\flt\LevelOfDetail.h">
      <Filter>Header Files\flt</Filter>
    </ClInclude>
    <ClInclude Include="..\include\flt\LightPoint.h">
      <Filter>Header Files\flt</Filter>
    </ClInclude>
    <ClInclude Include="..\include\flt\LightPointAnimationPalette.h">
      <Filter>Header Files\flt</Filter>
    </ClInclude>
    <ClInclude Include="..\include\flt\LightPointAppearancePalette.h">
      <Filter>Header Files\flt</Filter>
    </ClInclude>
    <ClInclude Include="..\include\flt\LightPointSystem.h">
      <Filter>Header Files\flt</Filter>
    </ClInclude>
    <ClInclude Include="..\include\flt\LightSource.h">
      <Filter>Header Files\flt</Filter>
    </ClInclude>
    <ClInclude Include="..\include\flt\LightSourcePalette.h">
      <Filter>Header Files\flt</Filter>
    </ClInclude>
    <ClInclude Include="..\include\flt\LineStylePalette.h">
      <Filter>Header Files\flt</Filter>
    </ClInclude>
    <ClInclude Include="..\include\flt\LinkagePalette.h">
      <Filter>Header Files\flt</Filter>
    </ClInclude>
    <ClInclude Include="..\include\flt\LocalVertexPool.h">
      <Filter>Header Files\flt</Filter>
    </ClInclude>
    <ClInclude Include="..\include\flt\LongID.h">
      <Filter>Header Files\flt</Filter>
    </ClInclude>
    <ClInclude Include="..\include\flt\MaterialPalette.h">
      <Filter>Header Files\flt</Filter>
    </ClInclude>
    <ClInclude Include="..\include\flt\Matrix.h">
      <Filter>Header Files\flt</Filter>
    </ClInclude>
    <ClInclude Include="..\include\flt\Mesh.h">
      <Filter>Header Files\flt</Filter>
    </ClInclude>
    <ClInclude Include="..\include\ctl\ctl.h">
      <Filter>Header Files\ctl</Filter>
    </ClInclude>
    <ClInclude Include="..\include\ctl\DelaunayTriangulation.h">
      <Filter>Header Files\ctl</Filter>
    </ClInclude>
    <ClInclude Include="..\include\ctl\Edge.h">
      <Filter>Header Files\ctl</Filter>
    </ClInclude>
    <ClInclude Include="..\include\ctl\ID.h">
      <Filter>Header Files\ctl</Filter>
    </ClInclude>
    <ClInclude Include="..\include\ctl\LocationResult.h">
      <Filter>Header Files\ctl</Filter>
    </ClInclude>
    <ClInclude Include="..\include\ctl\QTriangulate.h">
      <Filter>Header Files\ctl</Filter>
    </ClInclude>
    <ClInclude Include="..\include\ctl\QuadEdge.h">
      <Filter>Header Files\ctl</Filter>
    </ClInclude>
    <ClInclude Include="..\include\ctl\Subdivision.h">
      <Filter>Header Files\ctl</Filter>
    </ClInclude>
    <ClInclude Include="..\include\ctl\TIN.h">
      <Filter>Header Files\ctl</Filter>
    </ClInclude>
    <ClInclude Include="..\include\ctl\Util.h">
      <Filter>Header Files\ctl</Filter>
    </ClInclude>
    <ClInclude Include="..\include\ctl\Vector.h">
      <Filter>Header Files\ctl</Filter>
    </ClInclude>
    <ClInclude Include="..\include\ctl\Vertex.h">
      <Filter>Header Files\ctl</Filter>
    </ClInclude>
    <ClInclude Include="..\include\ctl\BlockList.h">
      <Filter>Header Files\ctl</Filter>
    </ClInclude>
    <ClInclude Include="..\include\ctl\CGrid.h">
      <Filter>Header Files\ctl</Filter>
    </ClInclude>
    <ClInclude Include="..\include\ctl\ConstraintMap.h">
      <Filter>Header Files\ctl</Filter>
    </ClInclude>
    <ClInclude Include="..\include\ogr\Field.h">
      <Filter>Header Files\ogr</Filter>
    </ClInclude>
    <ClInclude Include="..\include\ogr\File.h">
      <Filter>Header Files\ogr</Filter>
    </ClInclude>
    <ClInclude Include="..\include\ogr\ogr.h">
      <Filter>Header Files\ogr</Filter>
    </ClInclude>
    <ClInclude Include="..\include\ogr\Feature.h">
      <Filter>Header Files\ogr</Filter>
    </ClInclude>
    <ClInclude Include="..\include\elev\SimpleDEMReader.h">
      <Filter>Header Files\elev</Filter>
    </ClInclude>
    <ClInclude Include="..\include\ogr\OGRLayer.h">
      <Filter>Header Files\ogr</Filter>
    </ClInclude>
  </ItemGroup>
</Project>