
Microsoft Visual Studio Solution File, Format Version 12.00
# Visual Studio 15
VisualStudioVersion = 15.0.28307.438
MinimumVisualStudioVersion = 10.0.40219.1
Project("{8BC9CEB8-8B4A-11D0-8D11-00A0C91BC942}") = "cognitics", "cognitics.vcxproj", "{01734A89-FE1D-427C-8CF9-E6E644FABCAA}"
EndProject
Project("{8BC9CEB8-8B4A-11D0-8D11-00A0C91BC942}") = "meshgen", "..\meshgen\meshgen.vcxproj", "{672BA93B-8842-49A0-AEB5-6BA30183FB00}"
	ProjectSection(ProjectDependencies) = postProject
		{01734A89-FE1D-427C-8CF9-E6E644FABCAA} = {01734A89-FE1D-427C-8CF9-E6E644FABCAA}
	EndProjectSection
EndProject
Project("{8BC9CEB8-8B4A-11D0-8D11-00A0C91BC942}") = "mesh2cdb", "..\mesh2cdb\mesh2cdb.vcxproj", "{161E9146-9763-4C92-A7AC-E2FC62D1AAA9}"
	ProjectSection(ProjectDependencies) = postProject
		{01734A89-FE1D-427C-8CF9-E6E644FABCAA} = {01734A89-FE1D-427C-8CF9-E6E644FABCAA}
	EndProjectSection
EndProject
Project("{8BC9CEB8-8B4A-11D0-8D11-00A0C91BC942}") = "lmbundle2obj", "..\lmbundle2obj\lmbundle2obj.vcxproj", "{2276CAA0-0FB4-4E2E-8003-96820437A97E}"
	ProjectSection(ProjectDependencies) = postProject
		{01734A89-FE1D-427C-8CF9-E6E644FABCAA} = {01734A89-FE1D-427C-8CF9-E6E644FABCAA}
	EndProjectSection
EndProject
Project("{8BC9CEB8-8B4A-11D0-8D11-00A0C91BC942}") = "cdbinfo", "..\cdbinfo\cdbinfo.vcxproj", "{AE11FB58-DD3F-4BBA-831F-12E7CCDFB04F}"
	ProjectSection(ProjectDependencies) = postProject
		{01734A89-FE1D-427C-8CF9-E6E644FABCAA} = {01734A89-FE1D-427C-8CF9-E6E644FABCAA}
	EndProjectSection
EndProject
Project("{8BC9CEB8-8B4A-11D0-8D11-00A0C91BC942}") = "cdb-inject", "..\cdb-inject\cdb-inject.vcxproj", "{B9CCE887-B05D-4A3F-A4A4-08A765FC579A}"
EndProject
Global
	GlobalSection(SolutionConfigurationPlatforms) = preSolution
		Debug|x64 = Debug|x64
		Debug|x86 = Debug|x86
		Release|x64 = Release|x64
		Release|x86 = Release|x86
	EndGlobalSection
	GlobalSection(ProjectConfigurationPlatforms) = postSolution
		{01734A89-FE1D-427C-8CF9-E6E644FABCAA}.Debug|x64.ActiveCfg = Debug|x64
		{01734A89-FE1D-427C-8CF9-E6E644FABCAA}.Debug|x64.Build.0 = Debug|x64
		{01734A89-FE1D-427C-8CF9-E6E644FABCAA}.Debug|x86.ActiveCfg = Debug|Win32
		{01734A89-FE1D-427C-8CF9-E6E644FABCAA}.Debug|x86.Build.0 = Debug|Win32
		{01734A89-FE1D-427C-8CF9-E6E644FABCAA}.Release|x64.ActiveCfg = Release|x64
		{01734A89-FE1D-427C-8CF9-E6E644FABCAA}.Release|x64.Build.0 = Release|x64
		{01734A89-FE1D-427C-8CF9-E6E644FABCAA}.Release|x86.ActiveCfg = Release|Win32
		{01734A89-FE1D-427C-8CF9-E6E644FABCAA}.Release|x86.Build.0 = Release|Win32
		{672BA93B-8842-49A0-AEB5-6BA30183FB00}.Debug|x64.ActiveCfg = Debug|x64
		{672BA93B-8842-49A0-AEB5-6BA30183FB00}.Debug|x64.Build.0 = Debug|x64
		{672BA93B-8842-49A0-AEB5-6BA30183FB00}.Debug|x86.ActiveCfg = Debug|Win32
		{672BA93B-8842-49A0-AEB5-6BA30183FB00}.Debug|x86.Build.0 = Debug|Win32
		{672BA93B-8842-49A0-AEB5-6BA30183FB00}.Release|x64.ActiveCfg = Release|x64
		{672BA93B-8842-49A0-AEB5-6BA30183FB00}.Release|x64.Build.0 = Release|x64
		{672BA93B-8842-49A0-AEB5-6BA30183FB00}.Release|x86.ActiveCfg = Release|Win32
		{672BA93B-8842-49A0-AEB5-6BA30183FB00}.Release|x86.Build.0 = Release|Win32
		{161E9146-9763-4C92-A7AC-E2FC62D1AAA9}.Debug|x64.ActiveCfg = Debug|x64
		{161E9146-9763-4C92-A7AC-E2FC62D1AAA9}.Debug|x64.Build.0 = Debug|x64
		{161E9146-9763-4C92-A7AC-E2FC62D1AAA9}.Debug|x86.ActiveCfg = Debug|Win32
		{161E9146-9763-4C92-A7AC-E2FC62D1AAA9}.Debug|x86.Build.0 = Debug|Win32
		{161E9146-9763-4C92-A7AC-E2FC62D1AAA9}.Release|x64.ActiveCfg = Release|x64
		{161E9146-9763-4C92-A7AC-E2FC62D1AAA9}.Release|x64.Build.0 = Release|x64
		{161E9146-9763-4C92-A7AC-E2FC62D1AAA9}.Release|x86.ActiveCfg = Release|Win32
		{161E9146-9763-4C92-A7AC-E2FC62D1AAA9}.Release|x86.Build.0 = Release|Win32
		{2276CAA0-0FB4-4E2E-8003-96820437A97E}.Debug|x64.ActiveCfg = Debug|x64
		{2276CAA0-0FB4-4E2E-8003-96820437A97E}.Debug|x64.Build.0 = Debug|x64
		{2276CAA0-0FB4-4E2E-8003-96820437A97E}.Debug|x86.ActiveCfg = Debug|Win32
		{2276CAA0-0FB4-4E2E-8003-96820437A97E}.Debug|x86.Build.0 = Debug|Win32
		{2276CAA0-0FB4-4E2E-8003-96820437A97E}.Release|x64.ActiveCfg = Release|x64
		{2276CAA0-0FB4-4E2E-8003-96820437A97E}.Release|x64.Build.0 = Release|x64
		{2276CAA0-0FB4-4E2E-8003-96820437A97E}.Release|x86.ActiveCfg = Release|Win32
		{2276CAA0-0FB4-4E2E-8003-96820437A97E}.Release|x86.Build.0 = Release|Win32
		{AE11FB58-DD3F-4BBA-831F-12E7CCDFB04F}.Debug|x64.ActiveCfg = Debug|x64
		{AE11FB58-DD3F-4BBA-831F-12E7CCDFB04F}.Debug|x64.Build.0 = Debug|x64
		{AE11FB58-DD3F-4BBA-831F-12E7CCDFB04F}.Debug|x86.ActiveCfg = Debug|Win32
		{AE11FB58-DD3F-4BBA-831F-12E7CCDFB04F}.Debug|x86.Build.0 = Debug|Win32
		{AE11FB58-DD3F-4BBA-831F-12E7CCDFB04F}.Release|x64.ActiveCfg = Release|x64
		{AE11FB58-DD3F-4BBA-831F-12E7CCDFB04F}.Release|x64.Build.0 = Release|x64
		{AE11FB58-DD3F-4BBA-831F-12E7CCDFB04F}.Release|x86.ActiveCfg = Release|Win32
		{AE11FB58-DD3F-4BBA-831F-12E7CCDFB04F}.Release|x86.Build.0 = Release|Win32
		{B9CCE887-B05D-4A3F-A4A4-08A765FC579A}.Debug|x64.ActiveCfg = Debug|x64
		{B9CCE887-B05D-4A3F-A4A4-08A765FC579A}.Debug|x64.Build.0 = Debug|x64
		{B9CCE887-B05D-4A3F-A4A4-08A765FC579A}.Debug|x86.ActiveCfg = Debug|Win32
		{B9CCE887-B05D-4A3F-A4A4-08A765FC579A}.Debug|x86.Build.0 = Debug|Win32
		{B9CCE887-B05D-4A3F-A4A4-08A765FC579A}.Release|x64.ActiveCfg = Release|x64
		{B9CCE887-B05D-4A3F-A4A4-08A765FC579A}.Release|x64.Build.0 = Release|x64
		{B9CCE887-B05D-4A3F-A4A4-08A765FC579A}.Release|x86.ActiveCfg = Release|Win32
		{B9CCE887-B05D-4A3F-A4A4-08A765FC579A}.Release|x86.Build.0 = Release|Win32
	EndGlobalSection
	GlobalSection(SolutionProperties) = preSolution
		HideSolutionNode = FALSE
	EndGlobalSection
	GlobalSection(ExtensibilityGlobals) = postSolution
		SolutionGuid = {360D9844-3C92-4D82-958F-8712D7B4A9C7}
	EndGlobalSection
EndGlobal
